// !$*UTF8*$!
{
	archiveVersion = 1;
	classes = {
	};
	objectVersion = 56;
	objects = {

/* Begin PBXBuildFile section */
		BA3B64582C64041600E5EBA6 /* Efficio_officialApp.swift in Sources */ = {isa = PBXBuildFile; fileRef = BA3B64572C64041600E5EBA6 /* Efficio_officialApp.swift */; };
		BA3B645A2C64041600E5EBA6 /* ContentView.swift in Sources */ = {isa = PBXBuildFile; fileRef = BA3B64592C64041600E5EBA6 /* ContentView.swift */; };
		BA3B645C2C64041800E5EBA6 /* Assets.xcassets in Resources */ = {isa = PBXBuildFile; fileRef = BA3B645B2C64041800E5EBA6 /* Assets.xcassets */; };
		BA3B645F2C64041800E5EBA6 /* Preview Assets.xcassets in Resources */ = {isa = PBXBuildFile; fileRef = BA3B645E2C64041800E5EBA6 /* Preview Assets.xcassets */; };
		BA3B64692C64041900E5EBA6 /* Efficio_officialTests.swift in Sources */ = {isa = PBXBuildFile; fileRef = BA3B64682C64041900E5EBA6 /* Efficio_officialTests.swift */; };
		BA3B64732C64041900E5EBA6 /* Efficio_officialUITests.swift in Sources */ = {isa = PBXBuildFile; fileRef = BA3B64722C64041900E5EBA6 /* Efficio_officialUITests.swift */; };
		BA3B64752C64041900E5EBA6 /* Efficio_officialUITestsLaunchTests.swift in Sources */ = {isa = PBXBuildFile; fileRef = BA3B64742C64041900E5EBA6 /* Efficio_officialUITestsLaunchTests.swift */; };
		BA3B64832C64047600E5EBA6 /* FirebaseAuth in Frameworks */ = {isa = PBXBuildFile; productRef = BA3B64822C64047600E5EBA6 /* FirebaseAuth */; };
		BA3B64852C64047600E5EBA6 /* FirebaseFirestore in Frameworks */ = {isa = PBXBuildFile; productRef = BA3B64842C64047600E5EBA6 /* FirebaseFirestore */; };
		BA3B64892C64059100E5EBA6 /* GoogleService-Info.plist in Resources */ = {isa = PBXBuildFile; fileRef = BA3B64882C64059000E5EBA6 /* GoogleService-Info.plist */; };
		BABED5DA2C640A9500482C6F /* GettingStartedView.swift in Sources */ = {isa = PBXBuildFile; fileRef = BABED5D92C640A9500482C6F /* GettingStartedView.swift */; };
		BABED5DC2C640A9D00482C6F /* LogInView.swift in Sources */ = {isa = PBXBuildFile; fileRef = BABED5DB2C640A9D00482C6F /* LogInView.swift */; };
		BABED5DE2C640AA800482C6F /* SignUpView.swift in Sources */ = {isa = PBXBuildFile; fileRef = BABED5DD2C640AA800482C6F /* SignUpView.swift */; };
/* End PBXBuildFile section */

/* Begin PBXContainerItemProxy section */
		BA3B64652C64041900E5EBA6 /* PBXContainerItemProxy */ = {
			isa = PBXContainerItemProxy;
			containerPortal = BA3B644C2C64041600E5EBA6 /* Project object */;
			proxyType = 1;
			remoteGlobalIDString = BA3B64532C64041600E5EBA6;
			remoteInfo = Efficio.official;
		};
		BA3B646F2C64041900E5EBA6 /* PBXContainerItemProxy */ = {
			isa = PBXContainerItemProxy;
			containerPortal = BA3B644C2C64041600E5EBA6 /* Project object */;
			proxyType = 1;
			remoteGlobalIDString = BA3B64532C64041600E5EBA6;
			remoteInfo = Efficio.official;
		};
/* End PBXContainerItemProxy section */

/* Begin PBXFileReference section */
		BA3B64542C64041600E5EBA6 /* Efficio.official.app */ = {isa = PBXFileReference; explicitFileType = wrapper.application; includeInIndex = 0; path = Efficio.official.app; sourceTree = BUILT_PRODUCTS_DIR; };
		BA3B64572C64041600E5EBA6 /* Efficio_officialApp.swift */ = {isa = PBXFileReference; lastKnownFileType = sourcecode.swift; path = Efficio_officialApp.swift; sourceTree = "<group>"; };
		BA3B64592C64041600E5EBA6 /* ContentView.swift */ = {isa = PBXFileReference; lastKnownFileType = sourcecode.swift; path = ContentView.swift; sourceTree = "<group>"; };
		BA3B645B2C64041800E5EBA6 /* Assets.xcassets */ = {isa = PBXFileReference; lastKnownFileType = folder.assetcatalog; path = Assets.xcassets; sourceTree = "<group>"; };
		BA3B645E2C64041800E5EBA6 /* Preview Assets.xcassets */ = {isa = PBXFileReference; lastKnownFileType = folder.assetcatalog; path = "Preview Assets.xcassets"; sourceTree = "<group>"; };
		BA3B64642C64041900E5EBA6 /* Efficio.officialTests.xctest */ = {isa = PBXFileReference; explicitFileType = wrapper.cfbundle; includeInIndex = 0; path = Efficio.officialTests.xctest; sourceTree = BUILT_PRODUCTS_DIR; };
		BA3B64682C64041900E5EBA6 /* Efficio_officialTests.swift */ = {isa = PBXFileReference; lastKnownFileType = sourcecode.swift; path = Efficio_officialTests.swift; sourceTree = "<group>"; };
		BA3B646E2C64041900E5EBA6 /* Efficio.officialUITests.xctest */ = {isa = PBXFileReference; explicitFileType = wrapper.cfbundle; includeInIndex = 0; path = Efficio.officialUITests.xctest; sourceTree = BUILT_PRODUCTS_DIR; };
		BA3B64722C64041900E5EBA6 /* Efficio_officialUITests.swift */ = {isa = PBXFileReference; lastKnownFileType = sourcecode.swift; path = Efficio_officialUITests.swift; sourceTree = "<group>"; };
		BA3B64742C64041900E5EBA6 /* Efficio_officialUITestsLaunchTests.swift */ = {isa = PBXFileReference; lastKnownFileType = sourcecode.swift; path = Efficio_officialUITestsLaunchTests.swift; sourceTree = "<group>"; };
		BA3B64882C64059000E5EBA6 /* GoogleService-Info.plist */ = {isa = PBXFileReference; fileEncoding = 4; lastKnownFileType = text.plist.xml; path = "GoogleService-Info.plist"; sourceTree = "<group>"; };
		BABED5D92C640A9500482C6F /* GettingStartedView.swift */ = {isa = PBXFileReference; lastKnownFileType = sourcecode.swift; path = GettingStartedView.swift; sourceTree = "<group>"; };
		BABED5DB2C640A9D00482C6F /* LogInView.swift */ = {isa = PBXFileReference; lastKnownFileType = sourcecode.swift; path = LogInView.swift; sourceTree = "<group>"; };
		BABED5DD2C640AA800482C6F /* SignUpView.swift */ = {isa = PBXFileReference; lastKnownFileType = sourcecode.swift; path = SignUpView.swift; sourceTree = "<group>"; };
/* End PBXFileReference section */

/* Begin PBXFrameworksBuildPhase section */
		BA3B64512C64041600E5EBA6 /* Frameworks */ = {
			isa = PBXFrameworksBuildPhase;
			buildActionMask = 2147483647;
			files = (
				BA3B64832C64047600E5EBA6 /* FirebaseAuth in Frameworks */,
				BA3B64852C64047600E5EBA6 /* FirebaseFirestore in Frameworks */,
			);
			runOnlyForDeploymentPostprocessing = 0;
		};
		BA3B64612C64041900E5EBA6 /* Frameworks */ = {
			isa = PBXFrameworksBuildPhase;
			buildActionMask = 2147483647;
			files = (
			);
			runOnlyForDeploymentPostprocessing = 0;
		};
		BA3B646B2C64041900E5EBA6 /* Frameworks */ = {
			isa = PBXFrameworksBuildPhase;
			buildActionMask = 2147483647;
			files = (
			);
			runOnlyForDeploymentPostprocessing = 0;
		};
/* End PBXFrameworksBuildPhase section */

/* Begin PBXGroup section */
		BA3B644B2C64041600E5EBA6 = {
			isa = PBXGroup;
			children = (
				BA3B64882C64059000E5EBA6 /* GoogleService-Info.plist */,
				BA3B64562C64041600E5EBA6 /* Efficio.official */,
				BA3B64672C64041900E5EBA6 /* Efficio.officialTests */,
				BA3B64712C64041900E5EBA6 /* Efficio.officialUITests */,
				BA3B64552C64041600E5EBA6 /* Products */,
			);
			sourceTree = "<group>";
		};
		BA3B64552C64041600E5EBA6 /* Products */ = {
			isa = PBXGroup;
			children = (
				BA3B64542C64041600E5EBA6 /* Efficio.official.app */,
				BA3B64642C64041900E5EBA6 /* Efficio.officialTests.xctest */,
				BA3B646E2C64041900E5EBA6 /* Efficio.officialUITests.xctest */,
			);
			name = Products;
			sourceTree = "<group>";
		};
		BA3B64562C64041600E5EBA6 /* Efficio.official */ = {
			isa = PBXGroup;
			children = (
				BA3B64572C64041600E5EBA6 /* Efficio_officialApp.swift */,
				BA3B64592C64041600E5EBA6 /* ContentView.swift */,
				BABED5D92C640A9500482C6F /* GettingStartedView.swift */,
				BABED5DB2C640A9D00482C6F /* LogInView.swift */,
				BABED5DD2C640AA800482C6F /* SignUpView.swift */,
				BA3B645B2C64041800E5EBA6 /* Assets.xcassets */,
				BA3B645D2C64041800E5EBA6 /* Preview Content */,
			);
			path = Efficio.official;
			sourceTree = "<group>";
		};
		BA3B645D2C64041800E5EBA6 /* Preview Content */ = {
			isa = PBXGroup;
			children = (
				BA3B645E2C64041800E5EBA6 /* Preview Assets.xcassets */,
			);
			path = "Preview Content";
			sourceTree = "<group>";
		};
		BA3B64672C64041900E5EBA6 /* Efficio.officialTests */ = {
			isa = PBXGroup;
			children = (
				BA3B64682C64041900E5EBA6 /* Efficio_officialTests.swift */,
			);
			path = Efficio.officialTests;
			sourceTree = "<group>";
		};
		BA3B64712C64041900E5EBA6 /* Efficio.officialUITests */ = {
			isa = PBXGroup;
			children = (
				BA3B64722C64041900E5EBA6 /* Efficio_officialUITests.swift */,
				BA3B64742C64041900E5EBA6 /* Efficio_officialUITestsLaunchTests.swift */,
			);
			path = Efficio.officialUITests;
			sourceTree = "<group>";
		};
/* End PBXGroup section */

/* Begin PBXNativeTarget section */
		BA3B64532C64041600E5EBA6 /* Efficio.official */ = {
			isa = PBXNativeTarget;
			buildConfigurationList = BA3B64782C64041900E5EBA6 /* Build configuration list for PBXNativeTarget "Efficio.official" */;
			buildPhases = (
				BA3B64502C64041600E5EBA6 /* Sources */,
				BA3B64512C64041600E5EBA6 /* Frameworks */,
				BA3B64522C64041600E5EBA6 /* Resources */,
			);
			buildRules = (
			);
			dependencies = (
			);
			name = Efficio.official;
			packageProductDependencies = (
				BA3B64822C64047600E5EBA6 /* FirebaseAuth */,
				BA3B64842C64047600E5EBA6 /* FirebaseFirestore */,
			);
			productName = Efficio.official;
			productReference = BA3B64542C64041600E5EBA6 /* Efficio.official.app */;
			productType = "com.apple.product-type.application";
		};
		BA3B64632C64041900E5EBA6 /* Efficio.officialTests */ = {
			isa = PBXNativeTarget;
			buildConfigurationList = BA3B647B2C64041900E5EBA6 /* Build configuration list for PBXNativeTarget "Efficio.officialTests" */;
			buildPhases = (
				BA3B64602C64041900E5EBA6 /* Sources */,
				BA3B64612C64041900E5EBA6 /* Frameworks */,
				BA3B64622C64041900E5EBA6 /* Resources */,
			);
			buildRules = (
			);
			dependencies = (
				BA3B64662C64041900E5EBA6 /* PBXTargetDependency */,
			);
			name = Efficio.officialTests;
			productName = Efficio.officialTests;
			productReference = BA3B64642C64041900E5EBA6 /* Efficio.officialTests.xctest */;
			productType = "com.apple.product-type.bundle.unit-test";
		};
		BA3B646D2C64041900E5EBA6 /* Efficio.officialUITests */ = {
			isa = PBXNativeTarget;
			buildConfigurationList = BA3B647E2C64041900E5EBA6 /* Build configuration list for PBXNativeTarget "Efficio.officialUITests" */;
			buildPhases = (
				BA3B646A2C64041900E5EBA6 /* Sources */,
				BA3B646B2C64041900E5EBA6 /* Frameworks */,
				BA3B646C2C64041900E5EBA6 /* Resources */,
			);
			buildRules = (
			);
			dependencies = (
				BA3B64702C64041900E5EBA6 /* PBXTargetDependency */,
			);
			name = Efficio.officialUITests;
			productName = Efficio.officialUITests;
			productReference = BA3B646E2C64041900E5EBA6 /* Efficio.officialUITests.xctest */;
			productType = "com.apple.product-type.bundle.ui-testing";
		};
/* End PBXNativeTarget section */

/* Begin PBXProject section */
		BA3B644C2C64041600E5EBA6 /* Project object */ = {
			isa = PBXProject;
			attributes = {
				BuildIndependentTargetsInParallel = 1;
				LastSwiftUpdateCheck = 1540;
				LastUpgradeCheck = 1540;
				TargetAttributes = {
					BA3B64532C64041600E5EBA6 = {
						CreatedOnToolsVersion = 15.4;
					};
					BA3B64632C64041900E5EBA6 = {
						CreatedOnToolsVersion = 15.4;
						TestTargetID = BA3B64532C64041600E5EBA6;
					};
					BA3B646D2C64041900E5EBA6 = {
						CreatedOnToolsVersion = 15.4;
						TestTargetID = BA3B64532C64041600E5EBA6;
					};
				};
			};
			buildConfigurationList = BA3B644F2C64041600E5EBA6 /* Build configuration list for PBXProject "Efficio.official" */;
			compatibilityVersion = "Xcode 14.0";
			developmentRegion = en;
			hasScannedForEncodings = 0;
			knownRegions = (
				en,
				Base,
			);
			mainGroup = BA3B644B2C64041600E5EBA6;
			packageReferences = (
				BA3B64812C64047600E5EBA6 /* XCRemoteSwiftPackageReference "firebase-ios-sdk" */,
			);
			productRefGroup = BA3B64552C64041600E5EBA6 /* Products */;
			projectDirPath = "";
			projectRoot = "";
			targets = (
				BA3B64532C64041600E5EBA6 /* Efficio.official */,
				BA3B64632C64041900E5EBA6 /* Efficio.officialTests */,
				BA3B646D2C64041900E5EBA6 /* Efficio.officialUITests */,
			);
		};
/* End PBXProject section */

/* Begin PBXResourcesBuildPhase section */
		BA3B64522C64041600E5EBA6 /* Resources */ = {
			isa = PBXResourcesBuildPhase;
			buildActionMask = 2147483647;
			files = (
				BA3B645F2C64041800E5EBA6 /* Preview Assets.xcassets in Resources */,
				BA3B645C2C64041800E5EBA6 /* Assets.xcassets in Resources */,
			);
			runOnlyForDeploymentPostprocessing = 0;
		};
		BA3B64622C64041900E5EBA6 /* Resources */ = {
			isa = PBXResourcesBuildPhase;
			buildActionMask = 2147483647;
			files = (
			);
			runOnlyForDeploymentPostprocessing = 0;
		};
		BA3B646C2C64041900E5EBA6 /* Resources */ = {
			isa = PBXResourcesBuildPhase;
			buildActionMask = 2147483647;
			files = (
				BA3B64892C64059100E5EBA6 /* GoogleService-Info.plist in Resources */,
			);
			runOnlyForDeploymentPostprocessing = 0;
		};
/* End PBXResourcesBuildPhase section */

/* Begin PBXSourcesBuildPhase section */
		BA3B64502C64041600E5EBA6 /* Sources */ = {
			isa = PBXSourcesBuildPhase;
			buildActionMask = 2147483647;
			files = (
				BA3B645A2C64041600E5EBA6 /* ContentView.swift in Sources */,
				BABED5DE2C640AA800482C6F /* SignUpView.swift in Sources */,
				BABED5DA2C640A9500482C6F /* GettingStartedView.swift in Sources */,
				BABED5DC2C640A9D00482C6F /* LogInView.swift in Sources */,
				BA3B64582C64041600E5EBA6 /* Efficio_officialApp.swift in Sources */,
			);
			runOnlyForDeploymentPostprocessing = 0;
		};
		BA3B64602C64041900E5EBA6 /* Sources */ = {
			isa = PBXSourcesBuildPhase;
			buildActionMask = 2147483647;
			files = (
				BA3B64692C64041900E5EBA6 /* Efficio_officialTests.swift in Sources */,
			);
			runOnlyForDeploymentPostprocessing = 0;
		};
		BA3B646A2C64041900E5EBA6 /* Sources */ = {
			isa = PBXSourcesBuildPhase;
			buildActionMask = 2147483647;
			files = (
				BA3B64732C64041900E5EBA6 /* Efficio_officialUITests.swift in Sources */,
				BA3B64752C64041900E5EBA6 /* Efficio_officialUITestsLaunchTests.swift in Sources */,
			);
			runOnlyForDeploymentPostprocessing = 0;
		};
/* End PBXSourcesBuildPhase section */

/* Begin PBXTargetDependency section */
		BA3B64662C64041900E5EBA6 /* PBXTargetDependency */ = {
			isa = PBXTargetDependency;
			target = BA3B64532C64041600E5EBA6 /* Efficio.official */;
			targetProxy = BA3B64652C64041900E5EBA6 /* PBXContainerItemProxy */;
		};
		BA3B64702C64041900E5EBA6 /* PBXTargetDependency */ = {
			isa = PBXTargetDependency;
			target = BA3B64532C64041600E5EBA6 /* Efficio.official */;
			targetProxy = BA3B646F2C64041900E5EBA6 /* PBXContainerItemProxy */;
		};
/* End PBXTargetDependency section */

/* Begin XCBuildConfiguration section */
		BA3B64762C64041900E5EBA6 /* Debug */ = {
			isa = XCBuildConfiguration;
			buildSettings = {
				ALWAYS_SEARCH_USER_PATHS = NO;
				ASSETCATALOG_COMPILER_GENERATE_SWIFT_ASSET_SYMBOL_EXTENSIONS = YES;
				CLANG_ANALYZER_NONNULL = YES;
				CLANG_ANALYZER_NUMBER_OBJECT_CONVERSION = YES_AGGRESSIVE;
				CLANG_CXX_LANGUAGE_STANDARD = "gnu++20";
				CLANG_ENABLE_MODULES = YES;
				CLANG_ENABLE_OBJC_ARC = YES;
				CLANG_ENABLE_OBJC_WEAK = YES;
				CLANG_WARN_BLOCK_CAPTURE_AUTORELEASING = YES;
				CLANG_WARN_BOOL_CONVERSION = YES;
				CLANG_WARN_COMMA = YES;
				CLANG_WARN_CONSTANT_CONVERSION = YES;
				CLANG_WARN_DEPRECATED_OBJC_IMPLEMENTATIONS = YES;
				CLANG_WARN_DIRECT_OBJC_ISA_USAGE = YES_ERROR;
				CLANG_WARN_DOCUMENTATION_COMMENTS = YES;
				CLANG_WARN_EMPTY_BODY = YES;
				CLANG_WARN_ENUM_CONVERSION = YES;
				CLANG_WARN_INFINITE_RECURSION = YES;
				CLANG_WARN_INT_CONVERSION = YES;
				CLANG_WARN_NON_LITERAL_NULL_CONVERSION = YES;
				CLANG_WARN_OBJC_IMPLICIT_RETAIN_SELF = YES;
				CLANG_WARN_OBJC_LITERAL_CONVERSION = YES;
				CLANG_WARN_OBJC_ROOT_CLASS = YES_ERROR;
				CLANG_WARN_QUOTED_INCLUDE_IN_FRAMEWORK_HEADER = YES;
				CLANG_WARN_RANGE_LOOP_ANALYSIS = YES;
				CLANG_WARN_STRICT_PROTOTYPES = YES;
				CLANG_WARN_SUSPICIOUS_MOVE = YES;
				CLANG_WARN_UNGUARDED_AVAILABILITY = YES_AGGRESSIVE;
				CLANG_WARN_UNREACHABLE_CODE = YES;
				CLANG_WARN__DUPLICATE_METHOD_MATCH = YES;
				COPY_PHASE_STRIP = NO;
				DEBUG_INFORMATION_FORMAT = dwarf;
				ENABLE_STRICT_OBJC_MSGSEND = YES;
				ENABLE_TESTABILITY = YES;
				ENABLE_USER_SCRIPT_SANDBOXING = YES;
				GCC_C_LANGUAGE_STANDARD = gnu17;
				GCC_DYNAMIC_NO_PIC = NO;
				GCC_NO_COMMON_BLOCKS = YES;
				GCC_OPTIMIZATION_LEVEL = 0;
				GCC_PREPROCESSOR_DEFINITIONS = (
					"DEBUG=1",
					"$(inherited)",
				);
				GCC_WARN_64_TO_32_BIT_CONVERSION = YES;
				GCC_WARN_ABOUT_RETURN_TYPE = YES_ERROR;
				GCC_WARN_UNDECLARED_SELECTOR = YES;
				GCC_WARN_UNINITIALIZED_AUTOS = YES_AGGRESSIVE;
				GCC_WARN_UNUSED_FUNCTION = YES;
				GCC_WARN_UNUSED_VARIABLE = YES;
				IPHONEOS_DEPLOYMENT_TARGET = 17.5;
				LOCALIZATION_PREFERS_STRING_CATALOGS = YES;
				MTL_ENABLE_DEBUG_INFO = INCLUDE_SOURCE;
				MTL_FAST_MATH = YES;
				ONLY_ACTIVE_ARCH = YES;
				SDKROOT = iphoneos;
				SWIFT_ACTIVE_COMPILATION_CONDITIONS = "DEBUG $(inherited)";
				SWIFT_OPTIMIZATION_LEVEL = "-Onone";
			};
			name = Debug;
		};
		BA3B64772C64041900E5EBA6 /* Release */ = {
			isa = XCBuildConfiguration;
			buildSettings = {
				ALWAYS_SEARCH_USER_PATHS = NO;
				ASSETCATALOG_COMPILER_GENERATE_SWIFT_ASSET_SYMBOL_EXTENSIONS = YES;
				CLANG_ANALYZER_NONNULL = YES;
				CLANG_ANALYZER_NUMBER_OBJECT_CONVERSION = YES_AGGRESSIVE;
				CLANG_CXX_LANGUAGE_STANDARD = "gnu++20";
				CLANG_ENABLE_MODULES = YES;
				CLANG_ENABLE_OBJC_ARC = YES;
				CLANG_ENABLE_OBJC_WEAK = YES;
				CLANG_WARN_BLOCK_CAPTURE_AUTORELEASING = YES;
				CLANG_WARN_BOOL_CONVERSION = YES;
				CLANG_WARN_COMMA = YES;
				CLANG_WARN_CONSTANT_CONVERSION = YES;
				CLANG_WARN_DEPRECATED_OBJC_IMPLEMENTATIONS = YES;
				CLANG_WARN_DIRECT_OBJC_ISA_USAGE = YES_ERROR;
				CLANG_WARN_DOCUMENTATION_COMMENTS = YES;
				CLANG_WARN_EMPTY_BODY = YES;
				CLANG_WARN_ENUM_CONVERSION = YES;
				CLANG_WARN_INFINITE_RECURSION = YES;
				CLANG_WARN_INT_CONVERSION = YES;
				CLANG_WARN_NON_LITERAL_NULL_CONVERSION = YES;
				CLANG_WARN_OBJC_IMPLICIT_RETAIN_SELF = YES;
				CLANG_WARN_OBJC_LITERAL_CONVERSION = YES;
				CLANG_WARN_OBJC_ROOT_CLASS = YES_ERROR;
				CLANG_WARN_QUOTED_INCLUDE_IN_FRAMEWORK_HEADER = YES;
				CLANG_WARN_RANGE_LOOP_ANALYSIS = YES;
				CLANG_WARN_STRICT_PROTOTYPES = YES;
				CLANG_WARN_SUSPICIOUS_MOVE = YES;
				CLANG_WARN_UNGUARDED_AVAILABILITY = YES_AGGRESSIVE;
				CLANG_WARN_UNREACHABLE_CODE = YES;
				CLANG_WARN__DUPLICATE_METHOD_MATCH = YES;
				COPY_PHASE_STRIP = NO;
				DEBUG_INFORMATION_FORMAT = "dwarf-with-dsym";
				ENABLE_NS_ASSERTIONS = NO;
				ENABLE_STRICT_OBJC_MSGSEND = YES;
				ENABLE_USER_SCRIPT_SANDBOXING = YES;
				GCC_C_LANGUAGE_STANDARD = gnu17;
				GCC_NO_COMMON_BLOCKS = YES;
				GCC_WARN_64_TO_32_BIT_CONVERSION = YES;
				GCC_WARN_ABOUT_RETURN_TYPE = YES_ERROR;
				GCC_WARN_UNDECLARED_SELECTOR = YES;
				GCC_WARN_UNINITIALIZED_AUTOS = YES_AGGRESSIVE;
				GCC_WARN_UNUSED_FUNCTION = YES;
				GCC_WARN_UNUSED_VARIABLE = YES;
				IPHONEOS_DEPLOYMENT_TARGET = 17.5;
				LOCALIZATION_PREFERS_STRING_CATALOGS = YES;
				MTL_ENABLE_DEBUG_INFO = NO;
				MTL_FAST_MATH = YES;
				SDKROOT = iphoneos;
				SWIFT_COMPILATION_MODE = wholemodule;
				VALIDATE_PRODUCT = YES;
			};
			name = Release;
		};
		BA3B64792C64041900E5EBA6 /* Debug */ = {
			isa = XCBuildConfiguration;
			buildSettings = {
				ASSETCATALOG_COMPILER_APPICON_NAME = AppIcon;
				ASSETCATALOG_COMPILER_GLOBAL_ACCENT_COLOR_NAME = AccentColor;
				CODE_SIGN_STYLE = Automatic;
				CURRENT_PROJECT_VERSION = 1;
				DEVELOPMENT_ASSET_PATHS = "\"Efficio.official/Preview Content\"";
				ENABLE_PREVIEWS = YES;
				GENERATE_INFOPLIST_FILE = YES;
				INFOPLIST_KEY_CFBundleDisplayName = EFFICIO;
				INFOPLIST_KEY_UIApplicationSceneManifest_Generation = YES;
				INFOPLIST_KEY_UIApplicationSupportsIndirectInputEvents = YES;
				INFOPLIST_KEY_UILaunchScreen_Generation = YES;
				INFOPLIST_KEY_UISupportedInterfaceOrientations = UIInterfaceOrientationPortrait;
				LD_RUNPATH_SEARCH_PATHS = (
					"$(inherited)",
					"@executable_path/Frameworks",
				);
				MARKETING_VERSION = 1.0;
				PRODUCT_BUNDLE_IDENTIFIER = "KJ-Studios.Efficio-official";
				PRODUCT_NAME = "$(TARGET_NAME)";
				SWIFT_EMIT_LOC_STRINGS = YES;
				SWIFT_VERSION = 5.0;
				TARGETED_DEVICE_FAMILY = "1,2";
			};
			name = Debug;
		};
		BA3B647A2C64041900E5EBA6 /* Release */ = {
			isa = XCBuildConfiguration;
			buildSettings = {
				ASSETCATALOG_COMPILER_APPICON_NAME = AppIcon;
				ASSETCATALOG_COMPILER_GLOBAL_ACCENT_COLOR_NAME = AccentColor;
				CODE_SIGN_STYLE = Automatic;
				CURRENT_PROJECT_VERSION = 1;
				DEVELOPMENT_ASSET_PATHS = "\"Efficio.official/Preview Content\"";
				ENABLE_PREVIEWS = YES;
				GENERATE_INFOPLIST_FILE = YES;
				INFOPLIST_KEY_CFBundleDisplayName = EFFICIO;
				INFOPLIST_KEY_UIApplicationSceneManifest_Generation = YES;
				INFOPLIST_KEY_UIApplicationSupportsIndirectInputEvents = YES;
				INFOPLIST_KEY_UILaunchScreen_Generation = YES;
				INFOPLIST_KEY_UISupportedInterfaceOrientations = UIInterfaceOrientationPortrait;
				LD_RUNPATH_SEARCH_PATHS = (
					"$(inherited)",
					"@executable_path/Frameworks",
				);
				MARKETING_VERSION = 1.0;
				PRODUCT_BUNDLE_IDENTIFIER = "KJ-Studios.Efficio-official";
				PRODUCT_NAME = "$(TARGET_NAME)";
				SWIFT_EMIT_LOC_STRINGS = YES;
				SWIFT_VERSION = 5.0;
				TARGETED_DEVICE_FAMILY = "1,2";
			};
			name = Release;
		};
		BA3B647C2C64041900E5EBA6 /* Debug */ = {
			isa = XCBuildConfiguration;
			buildSettings = {
				ALWAYS_EMBED_SWIFT_STANDARD_LIBRARIES = YES;
				BUNDLE_LOADER = "$(TEST_HOST)";
				CODE_SIGN_STYLE = Automatic;
				CURRENT_PROJECT_VERSION = 1;
				GENERATE_INFOPLIST_FILE = YES;
				IPHONEOS_DEPLOYMENT_TARGET = 17.5;
				MARKETING_VERSION = 1.0;
				PRODUCT_BUNDLE_IDENTIFIER = "KJ-Studios.Efficio-officialTests";
				PRODUCT_NAME = "$(TARGET_NAME)";
				SWIFT_EMIT_LOC_STRINGS = NO;
				SWIFT_VERSION = 5.0;
				TARGETED_DEVICE_FAMILY = "1,2";
				TEST_HOST = "$(BUILT_PRODUCTS_DIR)/Efficio.official.app/$(BUNDLE_EXECUTABLE_FOLDER_PATH)/Efficio.official";
			};
			name = Debug;
		};
		BA3B647D2C64041900E5EBA6 /* Release */ = {
			isa = XCBuildConfiguration;
			buildSettings = {
				ALWAYS_EMBED_SWIFT_STANDARD_LIBRARIES = YES;
				BUNDLE_LOADER = "$(TEST_HOST)";
				CODE_SIGN_STYLE = Automatic;
				CURRENT_PROJECT_VERSION = 1;
				GENERATE_INFOPLIST_FILE = YES;
				IPHONEOS_DEPLOYMENT_TARGET = 17.5;
				MARKETING_VERSION = 1.0;
				PRODUCT_BUNDLE_IDENTIFIER = "KJ-Studios.Efficio-officialTests";
				PRODUCT_NAME = "$(TARGET_NAME)";
				SWIFT_EMIT_LOC_STRINGS = NO;
				SWIFT_VERSION = 5.0;
				TARGETED_DEVICE_FAMILY = "1,2";
				TEST_HOST = "$(BUILT_PRODUCTS_DIR)/Efficio.official.app/$(BUNDLE_EXECUTABLE_FOLDER_PATH)/Efficio.official";
			};
			name = Release;
		};
		BA3B647F2C64041900E5EBA6 /* Debug */ = {
			isa = XCBuildConfiguration;
			buildSettings = {
				ALWAYS_EMBED_SWIFT_STANDARD_LIBRARIES = YES;
				CODE_SIGN_STYLE = Automatic;
				CURRENT_PROJECT_VERSION = 1;
				GENERATE_INFOPLIST_FILE = YES;
				MARKETING_VERSION = 1.0;
				PRODUCT_BUNDLE_IDENTIFIER = "KJ-Studios.Efficio-officialUITests";
				PRODUCT_NAME = "$(TARGET_NAME)";
				SWIFT_EMIT_LOC_STRINGS = NO;
				SWIFT_VERSION = 5.0;
				TARGETED_DEVICE_FAMILY = "1,2";
				TEST_TARGET_NAME = Efficio.official;
			};
			name = Debug;
		};
		BA3B64802C64041900E5EBA6 /* Release */ = {
			isa = XCBuildConfiguration;
			buildSettings = {
				ALWAYS_EMBED_SWIFT_STANDARD_LIBRARIES = YES;
				CODE_SIGN_STYLE = Automatic;
				CURRENT_PROJECT_VERSION = 1;
				GENERATE_INFOPLIST_FILE = YES;
				MARKETING_VERSION = 1.0;
				PRODUCT_BUNDLE_IDENTIFIER = "KJ-Studios.Efficio-officialUITests";
				PRODUCT_NAME = "$(TARGET_NAME)";
				SWIFT_EMIT_LOC_STRINGS = NO;
				SWIFT_VERSION = 5.0;
				TARGETED_DEVICE_FAMILY = "1,2";
				TEST_TARGET_NAME = Efficio.official;
			};
			name = Release;
		};
/* End XCBuildConfiguration section */

/* Begin XCConfigurationList section */
		BA3B644F2C64041600E5EBA6 /* Build configuration list for PBXProject "Efficio.official" */ = {
			isa = XCConfigurationList;
			buildConfigurations = (
				BA3B64762C64041900E5EBA6 /* Debug */,
				BA3B64772C64041900E5EBA6 /* Release */,
			);
			defaultConfigurationIsVisible = 0;
			defaultConfigurationName = Release;
		};
		BA3B64782C64041900E5EBA6 /* Build configuration list for PBXNativeTarget "Efficio.official" */ = {
			isa = XCConfigurationList;
			buildConfigurations = (
				BA3B64792C64041900E5EBA6 /* Debug */,
				BA3B647A2C64041900E5EBA6 /* Release */,
			);
			defaultConfigurationIsVisible = 0;
			defaultConfigurationName = Release;
		};
		BA3B647B2C64041900E5EBA6 /* Build configuration list for PBXNativeTarget "Efficio.officialTests" */ = {
			isa = XCConfigurationList;
			buildConfigurations = (
				BA3B647C2C64041900E5EBA6 /* Debug */,
				BA3B647D2C64041900E5EBA6 /* Release */,
			);
			defaultConfigurationIsVisible = 0;
			defaultConfigurationName = Release;
		};
		BA3B647E2C64041900E5EBA6 /* Build configuration list for PBXNativeTarget "Efficio.officialUITests" */ = {
			isa = XCConfigurationList;
			buildConfigurations = (
				BA3B647F2C64041900E5EBA6 /* Debug */,
				BA3B64802C64041900E5EBA6 /* Release */,
			);
			defaultConfigurationIsVisible = 0;
			defaultConfigurationName = Release;
		};
/* End XCConfigurationList section */

/* Begin XCRemoteSwiftPackageReference section */
		BA3B64812C64047600E5EBA6 /* XCRemoteSwiftPackageReference "firebase-ios-sdk" */ = {
			isa = XCRemoteSwiftPackageReference;
			repositoryURL = "https://github.com/firebase/firebase-ios-sdk";
			requirement = {
				kind = upToNextMajorVersion;
				minimumVersion = 11.0.0;
			};
		};
/* End XCRemoteSwiftPackageReference section */

/* Begin XCSwiftPackageProductDependency section */
		BA3B64822C64047600E5EBA6 /* FirebaseAuth */ = {
			isa = XCSwiftPackageProductDependency;
			package = BA3B64812C64047600E5EBA6 /* XCRemoteSwiftPackageReference "firebase-ios-sdk" */;
			productName = FirebaseAuth;
		};
		BA3B64842C64047600E5EBA6 /* FirebaseFirestore */ = {
			isa = XCSwiftPackageProductDependency;
			package = BA3B64812C64047600E5EBA6 /* XCRemoteSwiftPackageReference "firebase-ios-sdk" */;
			productName = FirebaseFirestore;
		};
/* End XCSwiftPackageProductDependency section */
	};
	rootObject = BA3B644C2C64041600E5EBA6 /* Project object */;
}
