// !$*UTF8*$!
{
	archiveVersion = 1;
	classes = {
	};
	objectVersion = 56;
	objects = {

/* Begin PBXBuildFile section */
		BA02F3B62CA284E300348ABA /* CalendarView.swift in Sources */ = {isa = PBXBuildFile; fileRef = BA02F3B52CA284E300348ABA /* CalendarView.swift */; };
		BABC2EEB2C87E4B400378867 /* LicenseAndLegalView.swift in Sources */ = {isa = PBXBuildFile; fileRef = BABC2EEA2C87E4B400378867 /* LicenseAndLegalView.swift */; };
		BABED6242C67A2F100482C6F /* theofficialefficioappApp.swift in Sources */ = {isa = PBXBuildFile; fileRef = BABED6232C67A2F100482C6F /* theofficialefficioappApp.swift */; };
		BABED6282C67A2F300482C6F /* Assets.xcassets in Resources */ = {isa = PBXBuildFile; fileRef = BABED6272C67A2F300482C6F /* Assets.xcassets */; };
		BABED62B2C67A2F300482C6F /* Preview Assets.xcassets in Resources */ = {isa = PBXBuildFile; fileRef = BABED62A2C67A2F300482C6F /* Preview Assets.xcassets */; };
		BABED6352C67A2F300482C6F /* theofficialefficioappTests.swift in Sources */ = {isa = PBXBuildFile; fileRef = BABED6342C67A2F300482C6F /* theofficialefficioappTests.swift */; };
		BABED63F2C67A2F300482C6F /* theofficialefficioappUITests.swift in Sources */ = {isa = PBXBuildFile; fileRef = BABED63E2C67A2F300482C6F /* theofficialefficioappUITests.swift */; };
		BABED6412C67A2F300482C6F /* theofficialefficioappUITestsLaunchTests.swift in Sources */ = {isa = PBXBuildFile; fileRef = BABED6402C67A2F300482C6F /* theofficialefficioappUITestsLaunchTests.swift */; };
		BABED64E2C67A32F00482C6F /* LogInView.swift in Sources */ = {isa = PBXBuildFile; fileRef = BABED64D2C67A32F00482C6F /* LogInView.swift */; };
		BABED6542C67A34C00482C6F /* SplashScreenView.swift in Sources */ = {isa = PBXBuildFile; fileRef = BABED6532C67A34B00482C6F /* SplashScreenView.swift */; };
		BABED65C2C68C8EF00482C6F /* SignUpView.swift in Sources */ = {isa = PBXBuildFile; fileRef = BABED65B2C68C8EF00482C6F /* SignUpView.swift */; };
		BABED65E2C68EC2600482C6F /* BottomNavBarView.swift in Sources */ = {isa = PBXBuildFile; fileRef = BABED65D2C68EC2600482C6F /* BottomNavBarView.swift */; };
		BABED6602C68EFC400482C6F /* HomeView.swift in Sources */ = {isa = PBXBuildFile; fileRef = BABED65F2C68EFC400482C6F /* HomeView.swift */; };
		BABED6622C68EFCA00482C6F /* ToDoView.swift in Sources */ = {isa = PBXBuildFile; fileRef = BABED6612C68EFCA00482C6F /* ToDoView.swift */; };
		BABED6642C68EFD400482C6F /* ProductivityView.swift in Sources */ = {isa = PBXBuildFile; fileRef = BABED6632C68EFD400482C6F /* ProductivityView.swift */; };
		BABED6682C68F1ED00482C6F /* LogInViewModel.swift in Sources */ = {isa = PBXBuildFile; fileRef = BABED6672C68F1ED00482C6F /* LogInViewModel.swift */; };
		BABED66B2C68F79E00482C6F /* FirebaseAuth in Frameworks */ = {isa = PBXBuildFile; productRef = BABED66A2C68F79E00482C6F /* FirebaseAuth */; };
		BABED66D2C68F79E00482C6F /* FirebaseFirestore in Frameworks */ = {isa = PBXBuildFile; productRef = BABED66C2C68F79E00482C6F /* FirebaseFirestore */; };
		BABED66F2C68F79E00482C6F /* FirebaseFirestoreCombine-Community in Frameworks */ = {isa = PBXBuildFile; productRef = BABED66E2C68F79E00482C6F /* FirebaseFirestoreCombine-Community */; };
		BABED6712C68F8D500482C6F /* GoogleService-Info-live.plist in Resources */ = {isa = PBXBuildFile; fileRef = BABED6702C68F8D500482C6F /* GoogleService-Info-live.plist */; };
		BABED6762C68FC2500482C6F /* SignUpViewModel.swift in Sources */ = {isa = PBXBuildFile; fileRef = BABED6752C68FC2500482C6F /* SignUpViewModel.swift */; };
		BABED6782C68FE4800482C6F /* User.swift in Sources */ = {isa = PBXBuildFile; fileRef = BABED6772C68FE4800482C6F /* User.swift */; };
		BABED67A2C68FF6F00482C6F /* Extensions.swift in Sources */ = {isa = PBXBuildFile; fileRef = BABED6792C68FF6F00482C6F /* Extensions.swift */; };
		BABED67E2C69022C00482C6F /* MainViewModel.swift in Sources */ = {isa = PBXBuildFile; fileRef = BABED67D2C69022C00482C6F /* MainViewModel.swift */; };
		BABED6832C69320600482C6F /* ToDoViewModel.swift in Sources */ = {isa = PBXBuildFile; fileRef = BABED6822C69320600482C6F /* ToDoViewModel.swift */; };
		BABED6872C69326200482C6F /* ToDoListItemView.swift in Sources */ = {isa = PBXBuildFile; fileRef = BABED6862C69326200482C6F /* ToDoListItemView.swift */; };
		BABED68D2C69333100482C6F /* HomeViewModel.swift in Sources */ = {isa = PBXBuildFile; fileRef = BABED68C2C69333100482C6F /* HomeViewModel.swift */; };
		BABED68F2C69352D00482C6F /* NewItemView.swift in Sources */ = {isa = PBXBuildFile; fileRef = BABED68E2C69352D00482C6F /* NewItemView.swift */; };
		BABED6912C69357B00482C6F /* NewItemViewModel.swift in Sources */ = {isa = PBXBuildFile; fileRef = BABED6902C69357B00482C6F /* NewItemViewModel.swift */; };
		BABED6942C6945C600482C6F /* ToDoListItem.swift in Sources */ = {isa = PBXBuildFile; fileRef = BABED6932C6945C600482C6F /* ToDoListItem.swift */; };
		BAEDA6562C6AA147004F13B2 /* ToDoListItemModel.swift in Sources */ = {isa = PBXBuildFile; fileRef = BAEDA6552C6AA147004F13B2 /* ToDoListItemModel.swift */; };
		BAEDA65D2C6C1F0D004F13B2 /* FirebaseStorage in Frameworks */ = {isa = PBXBuildFile; productRef = BAEDA65C2C6C1F0D004F13B2 /* FirebaseStorage */; };
		BAEDA6632C7F7CB4004F13B2 /* NotesView.swift in Sources */ = {isa = PBXBuildFile; fileRef = BAEDA6622C7F7CB4004F13B2 /* NotesView.swift */; };
		BAEDA6652C7F81F9004F13B2 /* TimerView.swift in Sources */ = {isa = PBXBuildFile; fileRef = BAEDA6642C7F81F9004F13B2 /* TimerView.swift */; };
		BAEDA6672C7F848D004F13B2 /* PomodoroView.swift in Sources */ = {isa = PBXBuildFile; fileRef = BAEDA6662C7F848D004F13B2 /* PomodoroView.swift */; };
		BAEDA6692C7F8537004F13B2 /* StopWatchView.swift in Sources */ = {isa = PBXBuildFile; fileRef = BAEDA6682C7F8537004F13B2 /* StopWatchView.swift */; };
		BAEDA6712C7F8B48004F13B2 /* Mitr-Bold.ttf in Resources */ = {isa = PBXBuildFile; fileRef = BAEDA66A2C7F8B47004F13B2 /* Mitr-Bold.ttf */; };
		BAEDA6722C7F8B48004F13B2 /* Mitr-SemiBold.ttf in Resources */ = {isa = PBXBuildFile; fileRef = BAEDA66B2C7F8B47004F13B2 /* Mitr-SemiBold.ttf */; };
		BAEDA6732C7F8B48004F13B2 /* OFL.txt in Resources */ = {isa = PBXBuildFile; fileRef = BAEDA66C2C7F8B47004F13B2 /* OFL.txt */; };
		BAEDA6742C7F8B48004F13B2 /* Mitr-Light.ttf in Resources */ = {isa = PBXBuildFile; fileRef = BAEDA66D2C7F8B47004F13B2 /* Mitr-Light.ttf */; };
		BAEDA6752C7F8B48004F13B2 /* Mitr-Medium.ttf in Resources */ = {isa = PBXBuildFile; fileRef = BAEDA66E2C7F8B48004F13B2 /* Mitr-Medium.ttf */; };
		BAEDA6762C7F8B48004F13B2 /* Mitr-ExtraLight.ttf in Resources */ = {isa = PBXBuildFile; fileRef = BAEDA66F2C7F8B48004F13B2 /* Mitr-ExtraLight.ttf */; };
		BAEDA6772C7F8B48004F13B2 /* Mitr-Regular.ttf in Resources */ = {isa = PBXBuildFile; fileRef = BAEDA6702C7F8B48004F13B2 /* Mitr-Regular.ttf */; };
		BAEDA67C2C7F9019004F13B2 /* PreferredNameView.swift in Sources */ = {isa = PBXBuildFile; fileRef = BAEDA67B2C7F9019004F13B2 /* PreferredNameView.swift */; };
		BAEDA67E2C7F9106004F13B2 /* YearGroupSelectionView.swift in Sources */ = {isa = PBXBuildFile; fileRef = BAEDA67D2C7F9106004F13B2 /* YearGroupSelectionView.swift */; };
		BAEDA6802C7F9115004F13B2 /* SubjectSelectionView.swift in Sources */ = {isa = PBXBuildFile; fileRef = BAEDA67F2C7F9115004F13B2 /* SubjectSelectionView.swift */; };
		BAEDA6822C7F9122004F13B2 /* OtherSubjectsView.swift in Sources */ = {isa = PBXBuildFile; fileRef = BAEDA6812C7F9122004F13B2 /* OtherSubjectsView.swift */; };
		BAEDA6842C7F9134004F13B2 /* GoalSelectionView.swift in Sources */ = {isa = PBXBuildFile; fileRef = BAEDA6832C7F9134004F13B2 /* GoalSelectionView.swift */; };
		BAEDA6862C7F913C004F13B2 /* DailyHoursView.swift in Sources */ = {isa = PBXBuildFile; fileRef = BAEDA6852C7F913C004F13B2 /* DailyHoursView.swift */; };
		BAEDA6882C7F9143004F13B2 /* SummaryView.swift in Sources */ = {isa = PBXBuildFile; fileRef = BAEDA6872C7F9143004F13B2 /* SummaryView.swift */; };
		BAEDA68A2C7FB338004F13B2 /* ToDoItemDetailView.swift in Sources */ = {isa = PBXBuildFile; fileRef = BAEDA6892C7FB338004F13B2 /* ToDoItemDetailView.swift */; };
		BAEDA68C2C7FE933004F13B2 /* ChooseTimerView.swift in Sources */ = {isa = PBXBuildFile; fileRef = BAEDA68B2C7FE933004F13B2 /* ChooseTimerView.swift */; };
		BAEDA68E2C7FFC13004F13B2 /* SettingsView.swift in Sources */ = {isa = PBXBuildFile; fileRef = BAEDA68D2C7FFC13004F13B2 /* SettingsView.swift */; };
		BAEDA6962C80CF05004F13B2 /* EditNotesView.swift in Sources */ = {isa = PBXBuildFile; fileRef = BAEDA6952C80CF05004F13B2 /* EditNotesView.swift */; };
		BAEDA69C2C80CF6E004F13B2 /* MultiLineTF.swift in Sources */ = {isa = PBXBuildFile; fileRef = BAEDA69B2C80CF6E004F13B2 /* MultiLineTF.swift */; };
		BAEDA69E2C80CFE1004F13B2 /* NoteModel.swift in Sources */ = {isa = PBXBuildFile; fileRef = BAEDA69D2C80CFE1004F13B2 /* NoteModel.swift */; };
		BAEDA6A02C80CFFC004F13B2 /* Indicator.swift in Sources */ = {isa = PBXBuildFile; fileRef = BAEDA69F2C80CFFC004F13B2 /* Indicator.swift */; };
		BAEDA6A22C80D012004F13B2 /* Host.swift in Sources */ = {isa = PBXBuildFile; fileRef = BAEDA6A12C80D012004F13B2 /* Host.swift */; };
		BAEDA6A52C80E407004F13B2 /* Mitr.swift in Sources */ = {isa = PBXBuildFile; fileRef = BAEDA6A42C80E407004F13B2 /* Mitr.swift */; };
		BAEDA6AE2C80EA53004F13B2 /* MitrFontModifier.swift in Sources */ = {isa = PBXBuildFile; fileRef = BAEDA6AD2C80EA53004F13B2 /* MitrFontModifier.swift */; };
		BAEDA6B02C80F004004F13B2 /* GlobalFontModifier.swift in Sources */ = {isa = PBXBuildFile; fileRef = BAEDA6AF2C80F004004F13B2 /* GlobalFontModifier.swift */; };
		BAEDA6B22C80F7A7004F13B2 /* MyProfileView.swift in Sources */ = {isa = PBXBuildFile; fileRef = BAEDA6B12C80F7A7004F13B2 /* MyProfileView.swift */; };
		BAEDA6B82C8127FB004F13B2 /* TopNavigationBarView.swift in Sources */ = {isa = PBXBuildFile; fileRef = BAEDA6B72C8127FB004F13B2 /* TopNavigationBarView.swift */; };
		BAEDA6C02C814968004F13B2 /* SearchBarView.swift in Sources */ = {isa = PBXBuildFile; fileRef = BAEDA6BF2C814968004F13B2 /* SearchBarView.swift */; };
		BAEDA6C22C814F79004F13B2 /* UIFont.swift in Sources */ = {isa = PBXBuildFile; fileRef = BAEDA6C12C814F79004F13B2 /* UIFont.swift */; };
		BAEDA6CA2C83C84B004F13B2 /* TaskCounterView.swift in Sources */ = {isa = PBXBuildFile; fileRef = BAEDA6C92C83C84B004F13B2 /* TaskCounterView.swift */; };
		BAEDA6CC2C83C866004F13B2 /* TaskCounterViewModel.swift in Sources */ = {isa = PBXBuildFile; fileRef = BAEDA6CB2C83C866004F13B2 /* TaskCounterViewModel.swift */; };
		FC2132A42CABC3B00056CAB4 /* FirebaseManager.swift in Sources */ = {isa = PBXBuildFile; fileRef = FC2132A32CABC3A80056CAB4 /* FirebaseManager.swift */; };
		FC2132A82CABDCBF0056CAB4 /* WeeklyTaskChartView.swift in Sources */ = {isa = PBXBuildFile; fileRef = FC2132A72CABDCBD0056CAB4 /* WeeklyTaskChartView.swift */; };
		FC2132AA2CABDCDA0056CAB4 /* TaskData.swift in Sources */ = {isa = PBXBuildFile; fileRef = FC2132A92CABDCD30056CAB4 /* TaskData.swift */; };
		FC82FADD2CA42207005DD29B /* GoogleService-Info.plist in Resources */ = {isa = PBXBuildFile; fileRef = FC82FADC2CA42207005DD29B /* GoogleService-Info.plist */; };
		FCA613342CAA9841005337CE /* Router.swift in Sources */ = {isa = PBXBuildFile; fileRef = FCA613332CAA9841005337CE /* Router.swift */; };
		FCA613372CAAA16B005337CE /* SignUpModel.swift in Sources */ = {isa = PBXBuildFile; fileRef = FCA613362CAAA16B005337CE /* SignUpModel.swift */; };
		FCA613392CAAC334005337CE /* RegisterViewModel.swift in Sources */ = {isa = PBXBuildFile; fileRef = FCA613382CAAC32B005337CE /* RegisterViewModel.swift */; };
/* End PBXBuildFile section */

/* Begin PBXContainerItemProxy section */
		BABED6312C67A2F300482C6F /* PBXContainerItemProxy */ = {
			isa = PBXContainerItemProxy;
			containerPortal = BABED6182C67A2F000482C6F /* Project object */;
			proxyType = 1;
			remoteGlobalIDString = BABED61F2C67A2F000482C6F;
			remoteInfo = theofficialefficioapp;
		};
		BABED63B2C67A2F300482C6F /* PBXContainerItemProxy */ = {
			isa = PBXContainerItemProxy;
			containerPortal = BABED6182C67A2F000482C6F /* Project object */;
			proxyType = 1;
			remoteGlobalIDString = BABED61F2C67A2F000482C6F;
			remoteInfo = theofficialefficioapp;
		};
/* End PBXContainerItemProxy section */

/* Begin PBXFileReference section */
		BA02F3B52CA284E300348ABA /* CalendarView.swift */ = {isa = PBXFileReference; lastKnownFileType = sourcecode.swift; path = CalendarView.swift; sourceTree = "<group>"; };
		BABC2EEA2C87E4B400378867 /* LicenseAndLegalView.swift */ = {isa = PBXFileReference; lastKnownFileType = sourcecode.swift; path = LicenseAndLegalView.swift; sourceTree = "<group>"; };
		BABED6202C67A2F000482C6F /* theofficialefficioapp.app */ = {isa = PBXFileReference; explicitFileType = wrapper.application; includeInIndex = 0; path = theofficialefficioapp.app; sourceTree = BUILT_PRODUCTS_DIR; };
		BABED6232C67A2F100482C6F /* theofficialefficioappApp.swift */ = {isa = PBXFileReference; lastKnownFileType = sourcecode.swift; path = theofficialefficioappApp.swift; sourceTree = "<group>"; };
		BABED6272C67A2F300482C6F /* Assets.xcassets */ = {isa = PBXFileReference; lastKnownFileType = folder.assetcatalog; path = Assets.xcassets; sourceTree = "<group>"; };
		BABED62A2C67A2F300482C6F /* Preview Assets.xcassets */ = {isa = PBXFileReference; lastKnownFileType = folder.assetcatalog; path = "Preview Assets.xcassets"; sourceTree = "<group>"; };
		BABED6302C67A2F300482C6F /* theofficialefficioappTests.xctest */ = {isa = PBXFileReference; explicitFileType = wrapper.cfbundle; includeInIndex = 0; path = theofficialefficioappTests.xctest; sourceTree = BUILT_PRODUCTS_DIR; };
		BABED6342C67A2F300482C6F /* theofficialefficioappTests.swift */ = {isa = PBXFileReference; lastKnownFileType = sourcecode.swift; path = theofficialefficioappTests.swift; sourceTree = "<group>"; };
		BABED63A2C67A2F300482C6F /* theofficialefficioappUITests.xctest */ = {isa = PBXFileReference; explicitFileType = wrapper.cfbundle; includeInIndex = 0; path = theofficialefficioappUITests.xctest; sourceTree = BUILT_PRODUCTS_DIR; };
		BABED63E2C67A2F300482C6F /* theofficialefficioappUITests.swift */ = {isa = PBXFileReference; lastKnownFileType = sourcecode.swift; path = theofficialefficioappUITests.swift; sourceTree = "<group>"; };
		BABED6402C67A2F300482C6F /* theofficialefficioappUITestsLaunchTests.swift */ = {isa = PBXFileReference; lastKnownFileType = sourcecode.swift; path = theofficialefficioappUITestsLaunchTests.swift; sourceTree = "<group>"; };
		BABED64D2C67A32F00482C6F /* LogInView.swift */ = {isa = PBXFileReference; lastKnownFileType = sourcecode.swift; path = LogInView.swift; sourceTree = "<group>"; };
		BABED6532C67A34B00482C6F /* SplashScreenView.swift */ = {isa = PBXFileReference; lastKnownFileType = sourcecode.swift; path = SplashScreenView.swift; sourceTree = "<group>"; };
		BABED65B2C68C8EF00482C6F /* SignUpView.swift */ = {isa = PBXFileReference; lastKnownFileType = sourcecode.swift; path = SignUpView.swift; sourceTree = "<group>"; };
		BABED65D2C68EC2600482C6F /* BottomNavBarView.swift */ = {isa = PBXFileReference; lastKnownFileType = sourcecode.swift; path = BottomNavBarView.swift; sourceTree = "<group>"; };
		BABED65F2C68EFC400482C6F /* HomeView.swift */ = {isa = PBXFileReference; lastKnownFileType = sourcecode.swift; path = HomeView.swift; sourceTree = "<group>"; };
		BABED6612C68EFCA00482C6F /* ToDoView.swift */ = {isa = PBXFileReference; lastKnownFileType = sourcecode.swift; path = ToDoView.swift; sourceTree = "<group>"; };
		BABED6632C68EFD400482C6F /* ProductivityView.swift */ = {isa = PBXFileReference; lastKnownFileType = sourcecode.swift; path = ProductivityView.swift; sourceTree = "<group>"; };
		BABED6672C68F1ED00482C6F /* LogInViewModel.swift */ = {isa = PBXFileReference; lastKnownFileType = sourcecode.swift; path = LogInViewModel.swift; sourceTree = "<group>"; };
		BABED6702C68F8D500482C6F /* GoogleService-Info-live.plist */ = {isa = PBXFileReference; fileEncoding = 4; lastKnownFileType = text.plist.xml; path = "GoogleService-Info-live.plist"; sourceTree = "<group>"; };
		BABED6752C68FC2500482C6F /* SignUpViewModel.swift */ = {isa = PBXFileReference; lastKnownFileType = sourcecode.swift; path = SignUpViewModel.swift; sourceTree = "<group>"; };
		BABED6772C68FE4800482C6F /* User.swift */ = {isa = PBXFileReference; lastKnownFileType = sourcecode.swift; path = User.swift; sourceTree = "<group>"; };
		BABED6792C68FF6F00482C6F /* Extensions.swift */ = {isa = PBXFileReference; lastKnownFileType = sourcecode.swift; path = Extensions.swift; sourceTree = "<group>"; };
		BABED67D2C69022C00482C6F /* MainViewModel.swift */ = {isa = PBXFileReference; lastKnownFileType = sourcecode.swift; path = MainViewModel.swift; sourceTree = "<group>"; };
		BABED6822C69320600482C6F /* ToDoViewModel.swift */ = {isa = PBXFileReference; lastKnownFileType = sourcecode.swift; path = ToDoViewModel.swift; sourceTree = "<group>"; };
		BABED6862C69326200482C6F /* ToDoListItemView.swift */ = {isa = PBXFileReference; lastKnownFileType = sourcecode.swift; path = ToDoListItemView.swift; sourceTree = "<group>"; };
		BABED68C2C69333100482C6F /* HomeViewModel.swift */ = {isa = PBXFileReference; lastKnownFileType = sourcecode.swift; path = HomeViewModel.swift; sourceTree = "<group>"; };
		BABED68E2C69352D00482C6F /* NewItemView.swift */ = {isa = PBXFileReference; lastKnownFileType = sourcecode.swift; path = NewItemView.swift; sourceTree = "<group>"; };
		BABED6902C69357B00482C6F /* NewItemViewModel.swift */ = {isa = PBXFileReference; lastKnownFileType = sourcecode.swift; path = NewItemViewModel.swift; sourceTree = "<group>"; };
		BABED6932C6945C600482C6F /* ToDoListItem.swift */ = {isa = PBXFileReference; lastKnownFileType = sourcecode.swift; path = ToDoListItem.swift; sourceTree = "<group>"; };
		BAEDA6552C6AA147004F13B2 /* ToDoListItemModel.swift */ = {isa = PBXFileReference; lastKnownFileType = sourcecode.swift; path = ToDoListItemModel.swift; sourceTree = "<group>"; };
		BAEDA6622C7F7CB4004F13B2 /* NotesView.swift */ = {isa = PBXFileReference; lastKnownFileType = sourcecode.swift; path = NotesView.swift; sourceTree = "<group>"; };
		BAEDA6642C7F81F9004F13B2 /* TimerView.swift */ = {isa = PBXFileReference; lastKnownFileType = sourcecode.swift; path = TimerView.swift; sourceTree = "<group>"; };
		BAEDA6662C7F848D004F13B2 /* PomodoroView.swift */ = {isa = PBXFileReference; lastKnownFileType = sourcecode.swift; path = PomodoroView.swift; sourceTree = "<group>"; };
		BAEDA6682C7F8537004F13B2 /* StopWatchView.swift */ = {isa = PBXFileReference; lastKnownFileType = sourcecode.swift; path = StopWatchView.swift; sourceTree = "<group>"; };
		BAEDA66A2C7F8B47004F13B2 /* Mitr-Bold.ttf */ = {isa = PBXFileReference; lastKnownFileType = file; path = "Mitr-Bold.ttf"; sourceTree = "<group>"; };
		BAEDA66B2C7F8B47004F13B2 /* Mitr-SemiBold.ttf */ = {isa = PBXFileReference; lastKnownFileType = file; path = "Mitr-SemiBold.ttf"; sourceTree = "<group>"; };
		BAEDA66C2C7F8B47004F13B2 /* OFL.txt */ = {isa = PBXFileReference; fileEncoding = 4; lastKnownFileType = text; path = OFL.txt; sourceTree = "<group>"; };
		BAEDA66D2C7F8B47004F13B2 /* Mitr-Light.ttf */ = {isa = PBXFileReference; lastKnownFileType = file; path = "Mitr-Light.ttf"; sourceTree = "<group>"; };
		BAEDA66E2C7F8B48004F13B2 /* Mitr-Medium.ttf */ = {isa = PBXFileReference; lastKnownFileType = file; path = "Mitr-Medium.ttf"; sourceTree = "<group>"; };
		BAEDA66F2C7F8B48004F13B2 /* Mitr-ExtraLight.ttf */ = {isa = PBXFileReference; lastKnownFileType = file; path = "Mitr-ExtraLight.ttf"; sourceTree = "<group>"; };
		BAEDA6702C7F8B48004F13B2 /* Mitr-Regular.ttf */ = {isa = PBXFileReference; lastKnownFileType = file; path = "Mitr-Regular.ttf"; sourceTree = "<group>"; };
		BAEDA6782C7F8BE5004F13B2 /* Info.plist */ = {isa = PBXFileReference; lastKnownFileType = text.plist; path = Info.plist; sourceTree = "<group>"; };
		BAEDA67B2C7F9019004F13B2 /* PreferredNameView.swift */ = {isa = PBXFileReference; lastKnownFileType = sourcecode.swift; path = PreferredNameView.swift; sourceTree = "<group>"; };
		BAEDA67D2C7F9106004F13B2 /* YearGroupSelectionView.swift */ = {isa = PBXFileReference; lastKnownFileType = sourcecode.swift; path = YearGroupSelectionView.swift; sourceTree = "<group>"; };
		BAEDA67F2C7F9115004F13B2 /* SubjectSelectionView.swift */ = {isa = PBXFileReference; lastKnownFileType = sourcecode.swift; path = SubjectSelectionView.swift; sourceTree = "<group>"; };
		BAEDA6812C7F9122004F13B2 /* OtherSubjectsView.swift */ = {isa = PBXFileReference; lastKnownFileType = sourcecode.swift; path = OtherSubjectsView.swift; sourceTree = "<group>"; };
		BAEDA6832C7F9134004F13B2 /* GoalSelectionView.swift */ = {isa = PBXFileReference; lastKnownFileType = sourcecode.swift; path = GoalSelectionView.swift; sourceTree = "<group>"; };
		BAEDA6852C7F913C004F13B2 /* DailyHoursView.swift */ = {isa = PBXFileReference; lastKnownFileType = sourcecode.swift; path = DailyHoursView.swift; sourceTree = "<group>"; };
		BAEDA6872C7F9143004F13B2 /* SummaryView.swift */ = {isa = PBXFileReference; lastKnownFileType = sourcecode.swift; path = SummaryView.swift; sourceTree = "<group>"; };
		BAEDA6892C7FB338004F13B2 /* ToDoItemDetailView.swift */ = {isa = PBXFileReference; lastKnownFileType = sourcecode.swift; path = ToDoItemDetailView.swift; sourceTree = "<group>"; };
		BAEDA68B2C7FE933004F13B2 /* ChooseTimerView.swift */ = {isa = PBXFileReference; lastKnownFileType = sourcecode.swift; path = ChooseTimerView.swift; sourceTree = "<group>"; };
		BAEDA68D2C7FFC13004F13B2 /* SettingsView.swift */ = {isa = PBXFileReference; lastKnownFileType = sourcecode.swift; path = SettingsView.swift; sourceTree = "<group>"; };
		BAEDA6952C80CF05004F13B2 /* EditNotesView.swift */ = {isa = PBXFileReference; lastKnownFileType = sourcecode.swift; path = EditNotesView.swift; sourceTree = "<group>"; };
		BAEDA69B2C80CF6E004F13B2 /* MultiLineTF.swift */ = {isa = PBXFileReference; lastKnownFileType = sourcecode.swift; path = MultiLineTF.swift; sourceTree = "<group>"; };
		BAEDA69D2C80CFE1004F13B2 /* NoteModel.swift */ = {isa = PBXFileReference; lastKnownFileType = sourcecode.swift; path = NoteModel.swift; sourceTree = "<group>"; };
		BAEDA69F2C80CFFC004F13B2 /* Indicator.swift */ = {isa = PBXFileReference; lastKnownFileType = sourcecode.swift; path = Indicator.swift; sourceTree = "<group>"; };
		BAEDA6A12C80D012004F13B2 /* Host.swift */ = {isa = PBXFileReference; lastKnownFileType = sourcecode.swift; path = Host.swift; sourceTree = "<group>"; };
		BAEDA6A42C80E407004F13B2 /* Mitr.swift */ = {isa = PBXFileReference; lastKnownFileType = sourcecode.swift; path = Mitr.swift; sourceTree = "<group>"; };
		BAEDA6AD2C80EA53004F13B2 /* MitrFontModifier.swift */ = {isa = PBXFileReference; lastKnownFileType = sourcecode.swift; path = MitrFontModifier.swift; sourceTree = "<group>"; };
		BAEDA6AF2C80F004004F13B2 /* GlobalFontModifier.swift */ = {isa = PBXFileReference; lastKnownFileType = sourcecode.swift; path = GlobalFontModifier.swift; sourceTree = "<group>"; };
		BAEDA6B12C80F7A7004F13B2 /* MyProfileView.swift */ = {isa = PBXFileReference; lastKnownFileType = sourcecode.swift; path = MyProfileView.swift; sourceTree = "<group>"; };
		BAEDA6B72C8127FB004F13B2 /* TopNavigationBarView.swift */ = {isa = PBXFileReference; lastKnownFileType = sourcecode.swift; path = TopNavigationBarView.swift; sourceTree = "<group>"; };
		BAEDA6BF2C814968004F13B2 /* SearchBarView.swift */ = {isa = PBXFileReference; lastKnownFileType = sourcecode.swift; path = SearchBarView.swift; sourceTree = "<group>"; };
		BAEDA6C12C814F79004F13B2 /* UIFont.swift */ = {isa = PBXFileReference; lastKnownFileType = sourcecode.swift; path = UIFont.swift; sourceTree = "<group>"; };
		BAEDA6C92C83C84B004F13B2 /* TaskCounterView.swift */ = {isa = PBXFileReference; lastKnownFileType = sourcecode.swift; path = TaskCounterView.swift; sourceTree = "<group>"; };
		BAEDA6CB2C83C866004F13B2 /* TaskCounterViewModel.swift */ = {isa = PBXFileReference; lastKnownFileType = sourcecode.swift; path = TaskCounterViewModel.swift; sourceTree = "<group>"; };
		FC2132A32CABC3A80056CAB4 /* FirebaseManager.swift */ = {isa = PBXFileReference; lastKnownFileType = sourcecode.swift; path = FirebaseManager.swift; sourceTree = "<group>"; };
		FC2132A72CABDCBD0056CAB4 /* WeeklyTaskChartView.swift */ = {isa = PBXFileReference; lastKnownFileType = sourcecode.swift; path = WeeklyTaskChartView.swift; sourceTree = "<group>"; };
		FC2132A92CABDCD30056CAB4 /* TaskData.swift */ = {isa = PBXFileReference; lastKnownFileType = sourcecode.swift; path = TaskData.swift; sourceTree = "<group>"; };
		FC82FADC2CA42207005DD29B /* GoogleService-Info.plist */ = {isa = PBXFileReference; lastKnownFileType = text.plist.xml; path = "GoogleService-Info.plist"; sourceTree = "<group>"; };
		FCA613332CAA9841005337CE /* Router.swift */ = {isa = PBXFileReference; lastKnownFileType = sourcecode.swift; path = Router.swift; sourceTree = "<group>"; };
		FCA613362CAAA16B005337CE /* SignUpModel.swift */ = {isa = PBXFileReference; lastKnownFileType = sourcecode.swift; path = SignUpModel.swift; sourceTree = "<group>"; };
		FCA613382CAAC32B005337CE /* RegisterViewModel.swift */ = {isa = PBXFileReference; lastKnownFileType = sourcecode.swift; path = RegisterViewModel.swift; sourceTree = "<group>"; };
/* End PBXFileReference section */

/* Begin PBXFrameworksBuildPhase section */
		BABED61D2C67A2F000482C6F /* Frameworks */ = {
			isa = PBXFrameworksBuildPhase;
			buildActionMask = 2147483647;
			files = (
				BABED66F2C68F79E00482C6F /* FirebaseFirestoreCombine-Community in Frameworks */,
				BAEDA65D2C6C1F0D004F13B2 /* FirebaseStorage in Frameworks */,
				BABED66B2C68F79E00482C6F /* FirebaseAuth in Frameworks */,
				BABED66D2C68F79E00482C6F /* FirebaseFirestore in Frameworks */,
			);
			runOnlyForDeploymentPostprocessing = 0;
		};
		BABED62D2C67A2F300482C6F /* Frameworks */ = {
			isa = PBXFrameworksBuildPhase;
			buildActionMask = 2147483647;
			files = (
			);
			runOnlyForDeploymentPostprocessing = 0;
		};
		BABED6372C67A2F300482C6F /* Frameworks */ = {
			isa = PBXFrameworksBuildPhase;
			buildActionMask = 2147483647;
			files = (
			);
			runOnlyForDeploymentPostprocessing = 0;
		};
/* End PBXFrameworksBuildPhase section */

/* Begin PBXGroup section */
		BABED6172C67A2F000482C6F = {
			isa = PBXGroup;
			children = (
				BABED6222C67A2F100482C6F /* theofficialefficioapp */,
				BABED6332C67A2F300482C6F /* theofficialefficioappTests */,
				BABED63D2C67A2F300482C6F /* theofficialefficioappUITests */,
				BABED6212C67A2F000482C6F /* Products */,
				BAEDA65B2C6C1F0D004F13B2 /* Frameworks */,
			);
			sourceTree = "<group>";
		};
		BABED6212C67A2F000482C6F /* Products */ = {
			isa = PBXGroup;
			children = (
				BABED6202C67A2F000482C6F /* theofficialefficioapp.app */,
				BABED6302C67A2F300482C6F /* theofficialefficioappTests.xctest */,
				BABED63A2C67A2F300482C6F /* theofficialefficioappUITests.xctest */,
			);
			name = Products;
			sourceTree = "<group>";
		};
		BABED6222C67A2F100482C6F /* theofficialefficioapp */ = {
			isa = PBXGroup;
			children = (
				FCA613352CAAA14F005337CE /* Models */,
				FC82FADC2CA42207005DD29B /* GoogleService-Info.plist */,
				BABED6232C67A2F100482C6F /* theofficialefficioappApp.swift */,
				BAEDA6A32C80E279004F13B2 /* Fonts */,
				BAEDA6782C7F8BE5004F13B2 /* Info.plist */,
				BABED6702C68F8D500482C6F /* GoogleService-Info-live.plist */,
				BABED6792C68FF6F00482C6F /* Extensions.swift */,
				BABED6772C68FE4800482C6F /* User.swift */,
				BAEDA66C2C7F8B47004F13B2 /* OFL.txt */,
				BABED6922C693CB700482C6F /* ViewModels */,
				BABED6952C694E5F00482C6F /* Views */,
				BABED6272C67A2F300482C6F /* Assets.xcassets */,
				BABED6292C67A2F300482C6F /* Preview Content */,
			);
			path = theofficialefficioapp;
			sourceTree = "<group>";
		};
		BABED6292C67A2F300482C6F /* Preview Content */ = {
			isa = PBXGroup;
			children = (
				BABED62A2C67A2F300482C6F /* Preview Assets.xcassets */,
			);
			path = "Preview Content";
			sourceTree = "<group>";
		};
		BABED6332C67A2F300482C6F /* theofficialefficioappTests */ = {
			isa = PBXGroup;
			children = (
				BABED6342C67A2F300482C6F /* theofficialefficioappTests.swift */,
			);
			path = theofficialefficioappTests;
			sourceTree = "<group>";
		};
		BABED63D2C67A2F300482C6F /* theofficialefficioappUITests */ = {
			isa = PBXGroup;
			children = (
				BABED63E2C67A2F300482C6F /* theofficialefficioappUITests.swift */,
				BABED6402C67A2F300482C6F /* theofficialefficioappUITestsLaunchTests.swift */,
			);
			path = theofficialefficioappUITests;
			sourceTree = "<group>";
		};
		BABED6922C693CB700482C6F /* ViewModels */ = {
			isa = PBXGroup;
			children = (
				FC2132A32CABC3A80056CAB4 /* FirebaseManager.swift */,
				FCA613382CAAC32B005337CE /* RegisterViewModel.swift */,
				FCA613332CAA9841005337CE /* Router.swift */,
				BAEDA6552C6AA147004F13B2 /* ToDoListItemModel.swift */,
				BABED67D2C69022C00482C6F /* MainViewModel.swift */,
				BABED6752C68FC2500482C6F /* SignUpViewModel.swift */,
				BABED6672C68F1ED00482C6F /* LogInViewModel.swift */,
				BABED6822C69320600482C6F /* ToDoViewModel.swift */,
				BABED68C2C69333100482C6F /* HomeViewModel.swift */,
				BABED6902C69357B00482C6F /* NewItemViewModel.swift */,
			);
			path = ViewModels;
			sourceTree = "<group>";
		};
		BABED6952C694E5F00482C6F /* Views */ = {
			isa = PBXGroup;
			children = (
				BAEDA6AC2C80E7DB004F13B2 /* Home */,
				BAEDA6AA2C80E78F004F13B2 /* UserAccess */,
				BAEDA6A92C80E785004F13B2 /* Calendar */,
				BAEDA6A82C80E772004F13B2 /* Productivity */,
				BAEDA6A62C80E73A004F13B2 /* ToDoList */,
				BAEDA6A72C80E742004F13B2 /* Notes */,
				BABED6532C67A34B00482C6F /* SplashScreenView.swift */,
				BABED65D2C68EC2600482C6F /* BottomNavBarView.swift */,
				BAEDA6B72C8127FB004F13B2 /* TopNavigationBarView.swift */,
			);
			path = Views;
			sourceTree = "<group>";
		};
		BAEDA65B2C6C1F0D004F13B2 /* Frameworks */ = {
			isa = PBXGroup;
			children = (
			);
			name = Frameworks;
			sourceTree = "<group>";
		};
		BAEDA6A32C80E279004F13B2 /* Fonts */ = {
			isa = PBXGroup;
			children = (
				BAEDA6A42C80E407004F13B2 /* Mitr.swift */,
				BAEDA6AD2C80EA53004F13B2 /* MitrFontModifier.swift */,
				BAEDA6AF2C80F004004F13B2 /* GlobalFontModifier.swift */,
				BAEDA6702C7F8B48004F13B2 /* Mitr-Regular.ttf */,
				BAEDA66E2C7F8B48004F13B2 /* Mitr-Medium.ttf */,
				BAEDA66A2C7F8B47004F13B2 /* Mitr-Bold.ttf */,
				BAEDA66B2C7F8B47004F13B2 /* Mitr-SemiBold.ttf */,
				BAEDA66D2C7F8B47004F13B2 /* Mitr-Light.ttf */,
				BAEDA66F2C7F8B48004F13B2 /* Mitr-ExtraLight.ttf */,
			);
			path = Fonts;
			sourceTree = "<group>";
		};
		BAEDA6A62C80E73A004F13B2 /* ToDoList */ = {
			isa = PBXGroup;
			children = (
				BABED6932C6945C600482C6F /* ToDoListItem.swift */,
				BABED6862C69326200482C6F /* ToDoListItemView.swift */,
				BAEDA6C92C83C84B004F13B2 /* TaskCounterView.swift */,
				BAEDA6CB2C83C866004F13B2 /* TaskCounterViewModel.swift */,
				BABED6612C68EFCA00482C6F /* ToDoView.swift */,
				BAEDA6892C7FB338004F13B2 /* ToDoItemDetailView.swift */,
				BABED68E2C69352D00482C6F /* NewItemView.swift */,
			);
			path = ToDoList;
			sourceTree = "<group>";
		};
		BAEDA6A72C80E742004F13B2 /* Notes */ = {
			isa = PBXGroup;
			children = (
				BAEDA6A12C80D012004F13B2 /* Host.swift */,
				BAEDA69F2C80CFFC004F13B2 /* Indicator.swift */,
				BAEDA69D2C80CFE1004F13B2 /* NoteModel.swift */,
				BAEDA69B2C80CF6E004F13B2 /* MultiLineTF.swift */,
				BAEDA6C12C814F79004F13B2 /* UIFont.swift */,
				BAEDA6952C80CF05004F13B2 /* EditNotesView.swift */,
				BAEDA6622C7F7CB4004F13B2 /* NotesView.swift */,
				BAEDA6BF2C814968004F13B2 /* SearchBarView.swift */,
			);
			path = Notes;
			sourceTree = "<group>";
		};
		BAEDA6A82C80E772004F13B2 /* Productivity */ = {
			isa = PBXGroup;
			children = (
				FC2132A72CABDCBD0056CAB4 /* WeeklyTaskChartView.swift */,
				BAEDA6662C7F848D004F13B2 /* PomodoroView.swift */,
				BABED6632C68EFD400482C6F /* ProductivityView.swift */,
				BAEDA6682C7F8537004F13B2 /* StopWatchView.swift */,
				BAEDA68B2C7FE933004F13B2 /* ChooseTimerView.swift */,
				BAEDA6642C7F81F9004F13B2 /* TimerView.swift */,
			);
			path = Productivity;
			sourceTree = "<group>";
		};
		BAEDA6A92C80E785004F13B2 /* Calendar */ = {
			isa = PBXGroup;
			children = (
				BA02F3B52CA284E300348ABA /* CalendarView.swift */,
			);
			path = Calendar;
			sourceTree = "<group>";
		};
		BAEDA6AA2C80E78F004F13B2 /* UserAccess */ = {
			isa = PBXGroup;
			children = (
				BABED64D2C67A32F00482C6F /* LogInView.swift */,
				BABED65B2C68C8EF00482C6F /* SignUpView.swift */,
				BAEDA6AB2C80E7A9004F13B2 /* IntroQuestions */,
			);
			path = UserAccess;
			sourceTree = "<group>";
		};
		BAEDA6AB2C80E7A9004F13B2 /* IntroQuestions */ = {
			isa = PBXGroup;
			children = (
				BAEDA67B2C7F9019004F13B2 /* PreferredNameView.swift */,
				BAEDA67D2C7F9106004F13B2 /* YearGroupSelectionView.swift */,
				BAEDA67F2C7F9115004F13B2 /* SubjectSelectionView.swift */,
				BAEDA6812C7F9122004F13B2 /* OtherSubjectsView.swift */,
				BAEDA6832C7F9134004F13B2 /* GoalSelectionView.swift */,
				BAEDA6852C7F913C004F13B2 /* DailyHoursView.swift */,
				BAEDA6872C7F9143004F13B2 /* SummaryView.swift */,
			);
			path = IntroQuestions;
			sourceTree = "<group>";
		};
		BAEDA6AC2C80E7DB004F13B2 /* Home */ = {
			isa = PBXGroup;
			children = (
				BABED65F2C68EFC400482C6F /* HomeView.swift */,
				BAEDA68D2C7FFC13004F13B2 /* SettingsView.swift */,
				BAEDA6B12C80F7A7004F13B2 /* MyProfileView.swift */,
				BABC2EEA2C87E4B400378867 /* LicenseAndLegalView.swift */,
			);
			path = Home;
			sourceTree = "<group>";
		};
		FCA613352CAAA14F005337CE /* Models */ = {
			isa = PBXGroup;
			children = (
				FC2132A92CABDCD30056CAB4 /* TaskData.swift */,
				FCA613362CAAA16B005337CE /* SignUpModel.swift */,
			);
			path = Models;
			sourceTree = "<group>";
		};
/* End PBXGroup section */

/* Begin PBXNativeTarget section */
		BABED61F2C67A2F000482C6F /* theofficialefficioapp */ = {
			isa = PBXNativeTarget;
			buildConfigurationList = BABED6442C67A2F300482C6F /* Build configuration list for PBXNativeTarget "theofficialefficioapp" */;
			buildPhases = (
				BABED61C2C67A2F000482C6F /* Sources */,
				BABED61D2C67A2F000482C6F /* Frameworks */,
				BABED61E2C67A2F000482C6F /* Resources */,
			);
			buildRules = (
			);
			dependencies = (
			);
			name = theofficialefficioapp;
			packageProductDependencies = (
				BABED66A2C68F79E00482C6F /* FirebaseAuth */,
				BABED66C2C68F79E00482C6F /* FirebaseFirestore */,
				BABED66E2C68F79E00482C6F /* FirebaseFirestoreCombine-Community */,
				BAEDA65C2C6C1F0D004F13B2 /* FirebaseStorage */,
			);
			productName = theofficialefficioapp;
			productReference = BABED6202C67A2F000482C6F /* theofficialefficioapp.app */;
			productType = "com.apple.product-type.application";
		};
		BABED62F2C67A2F300482C6F /* theofficialefficioappTests */ = {
			isa = PBXNativeTarget;
			buildConfigurationList = BABED6472C67A2F300482C6F /* Build configuration list for PBXNativeTarget "theofficialefficioappTests" */;
			buildPhases = (
				BABED62C2C67A2F300482C6F /* Sources */,
				BABED62D2C67A2F300482C6F /* Frameworks */,
				BABED62E2C67A2F300482C6F /* Resources */,
			);
			buildRules = (
			);
			dependencies = (
				BABED6322C67A2F300482C6F /* PBXTargetDependency */,
			);
			name = theofficialefficioappTests;
			productName = theofficialefficioappTests;
			productReference = BABED6302C67A2F300482C6F /* theofficialefficioappTests.xctest */;
			productType = "com.apple.product-type.bundle.unit-test";
		};
		BABED6392C67A2F300482C6F /* theofficialefficioappUITests */ = {
			isa = PBXNativeTarget;
			buildConfigurationList = BABED64A2C67A2F300482C6F /* Build configuration list for PBXNativeTarget "theofficialefficioappUITests" */;
			buildPhases = (
				BABED6362C67A2F300482C6F /* Sources */,
				BABED6372C67A2F300482C6F /* Frameworks */,
				BABED6382C67A2F300482C6F /* Resources */,
			);
			buildRules = (
			);
			dependencies = (
				BABED63C2C67A2F300482C6F /* PBXTargetDependency */,
			);
			name = theofficialefficioappUITests;
			productName = theofficialefficioappUITests;
			productReference = BABED63A2C67A2F300482C6F /* theofficialefficioappUITests.xctest */;
			productType = "com.apple.product-type.bundle.ui-testing";
		};
/* End PBXNativeTarget section */

/* Begin PBXProject section */
		BABED6182C67A2F000482C6F /* Project object */ = {
			isa = PBXProject;
			attributes = {
				BuildIndependentTargetsInParallel = 1;
				LastSwiftUpdateCheck = 1540;
				LastUpgradeCheck = 1540;
				TargetAttributes = {
					BABED61F2C67A2F000482C6F = {
						CreatedOnToolsVersion = 15.4;
					};
					BABED62F2C67A2F300482C6F = {
						CreatedOnToolsVersion = 15.4;
						TestTargetID = BABED61F2C67A2F000482C6F;
					};
					BABED6392C67A2F300482C6F = {
						CreatedOnToolsVersion = 15.4;
						TestTargetID = BABED61F2C67A2F000482C6F;
					};
				};
			};
			buildConfigurationList = BABED61B2C67A2F000482C6F /* Build configuration list for PBXProject "theofficialefficioapp" */;
			compatibilityVersion = "Xcode 14.0";
			developmentRegion = en;
			hasScannedForEncodings = 0;
			knownRegions = (
				en,
				Base,
			);
			mainGroup = BABED6172C67A2F000482C6F;
			packageReferences = (
				BABED6692C68F79E00482C6F /* XCRemoteSwiftPackageReference "firebase-ios-sdk" */,
				BAEDA6CF2C83EAA7004F13B2 /* XCRemoteSwiftPackageReference "Charts" */,
			);
			productRefGroup = BABED6212C67A2F000482C6F /* Products */;
			projectDirPath = "";
			projectRoot = "";
			targets = (
				BABED61F2C67A2F000482C6F /* theofficialefficioapp */,
				BABED62F2C67A2F300482C6F /* theofficialefficioappTests */,
				BABED6392C67A2F300482C6F /* theofficialefficioappUITests */,
			);
		};
/* End PBXProject section */

/* Begin PBXResourcesBuildPhase section */
		BABED61E2C67A2F000482C6F /* Resources */ = {
			isa = PBXResourcesBuildPhase;
			buildActionMask = 2147483647;
			files = (
				BAEDA6742C7F8B48004F13B2 /* Mitr-Light.ttf in Resources */,
				BAEDA6732C7F8B48004F13B2 /* OFL.txt in Resources */,
				BABED62B2C67A2F300482C6F /* Preview Assets.xcassets in Resources */,
				BABED6712C68F8D500482C6F /* GoogleService-Info-live.plist in Resources */,
				BAEDA6722C7F8B48004F13B2 /* Mitr-SemiBold.ttf in Resources */,
				BAEDA6752C7F8B48004F13B2 /* Mitr-Medium.ttf in Resources */,
				BABED6282C67A2F300482C6F /* Assets.xcassets in Resources */,
				BAEDA6712C7F8B48004F13B2 /* Mitr-Bold.ttf in Resources */,
				FC82FADD2CA42207005DD29B /* GoogleService-Info.plist in Resources */,
				BAEDA6762C7F8B48004F13B2 /* Mitr-ExtraLight.ttf in Resources */,
				BAEDA6772C7F8B48004F13B2 /* Mitr-Regular.ttf in Resources */,
			);
			runOnlyForDeploymentPostprocessing = 0;
		};
		BABED62E2C67A2F300482C6F /* Resources */ = {
			isa = PBXResourcesBuildPhase;
			buildActionMask = 2147483647;
			files = (
			);
			runOnlyForDeploymentPostprocessing = 0;
		};
		BABED6382C67A2F300482C6F /* Resources */ = {
			isa = PBXResourcesBuildPhase;
			buildActionMask = 2147483647;
			files = (
			);
			runOnlyForDeploymentPostprocessing = 0;
		};
/* End PBXResourcesBuildPhase section */

/* Begin PBXSourcesBuildPhase section */
		BABED61C2C67A2F000482C6F /* Sources */ = {
			isa = PBXSourcesBuildPhase;
			buildActionMask = 2147483647;
			files = (
				BAEDA67C2C7F9019004F13B2 /* PreferredNameView.swift in Sources */,
				BABED6942C6945C600482C6F /* ToDoListItem.swift in Sources */,
				FC2132A42CABC3B00056CAB4 /* FirebaseManager.swift in Sources */,
				FC2132A82CABDCBF0056CAB4 /* WeeklyTaskChartView.swift in Sources */,
				BABED68D2C69333100482C6F /* HomeViewModel.swift in Sources */,
				BABED6832C69320600482C6F /* ToDoViewModel.swift in Sources */,
				BAEDA6AE2C80EA53004F13B2 /* MitrFontModifier.swift in Sources */,
				BABED65E2C68EC2600482C6F /* BottomNavBarView.swift in Sources */,
				BAEDA6B02C80F004004F13B2 /* GlobalFontModifier.swift in Sources */,
				BABED6872C69326200482C6F /* ToDoListItemView.swift in Sources */,
				FCA613342CAA9841005337CE /* Router.swift in Sources */,
				BABED68F2C69352D00482C6F /* NewItemView.swift in Sources */,
				BAEDA6B22C80F7A7004F13B2 /* MyProfileView.swift in Sources */,
				BAEDA6962C80CF05004F13B2 /* EditNotesView.swift in Sources */,
				BAEDA6632C7F7CB4004F13B2 /* NotesView.swift in Sources */,
				BABED65C2C68C8EF00482C6F /* SignUpView.swift in Sources */,
				BAEDA67E2C7F9106004F13B2 /* YearGroupSelectionView.swift in Sources */,
				BAEDA6842C7F9134004F13B2 /* GoalSelectionView.swift in Sources */,
				BAEDA6C02C814968004F13B2 /* SearchBarView.swift in Sources */,
				FCA613372CAAA16B005337CE /* SignUpModel.swift in Sources */,
				BAEDA6C22C814F79004F13B2 /* UIFont.swift in Sources */,
				BAEDA6672C7F848D004F13B2 /* PomodoroView.swift in Sources */,
				BABED6642C68EFD400482C6F /* ProductivityView.swift in Sources */,
				BA02F3B62CA284E300348ABA /* CalendarView.swift in Sources */,
				BAEDA6862C7F913C004F13B2 /* DailyHoursView.swift in Sources */,
				BABED6912C69357B00482C6F /* NewItemViewModel.swift in Sources */,
				BAEDA6692C7F8537004F13B2 /* StopWatchView.swift in Sources */,
				BABED6542C67A34C00482C6F /* SplashScreenView.swift in Sources */,
				BABED67E2C69022C00482C6F /* MainViewModel.swift in Sources */,
				BABED6602C68EFC400482C6F /* HomeView.swift in Sources */,
				BAEDA6A52C80E407004F13B2 /* Mitr.swift in Sources */,
				BAEDA6CC2C83C866004F13B2 /* TaskCounterViewModel.swift in Sources */,
				BAEDA68E2C7FFC13004F13B2 /* SettingsView.swift in Sources */,
				BAEDA6A02C80CFFC004F13B2 /* Indicator.swift in Sources */,
				BAEDA6CA2C83C84B004F13B2 /* TaskCounterView.swift in Sources */,
				BABED6682C68F1ED00482C6F /* LogInViewModel.swift in Sources */,
				BAEDA6562C6AA147004F13B2 /* ToDoListItemModel.swift in Sources */,
				BAEDA6802C7F9115004F13B2 /* SubjectSelectionView.swift in Sources */,
				BAEDA6A22C80D012004F13B2 /* Host.swift in Sources */,
				BAEDA6B82C8127FB004F13B2 /* TopNavigationBarView.swift in Sources */,
				BAEDA68A2C7FB338004F13B2 /* ToDoItemDetailView.swift in Sources */,
				BAEDA6822C7F9122004F13B2 /* OtherSubjectsView.swift in Sources */,
				BAEDA6652C7F81F9004F13B2 /* TimerView.swift in Sources */,
				BAEDA69C2C80CF6E004F13B2 /* MultiLineTF.swift in Sources */,
				FCA613392CAAC334005337CE /* RegisterViewModel.swift in Sources */,
				BABED6622C68EFCA00482C6F /* ToDoView.swift in Sources */,
				FC2132AA2CABDCDA0056CAB4 /* TaskData.swift in Sources */,
				BAEDA69E2C80CFE1004F13B2 /* NoteModel.swift in Sources */,
				BABED67A2C68FF6F00482C6F /* Extensions.swift in Sources */,
				BABC2EEB2C87E4B400378867 /* LicenseAndLegalView.swift in Sources */,
				BABED6782C68FE4800482C6F /* User.swift in Sources */,
				BABED64E2C67A32F00482C6F /* LogInView.swift in Sources */,
				BABED6762C68FC2500482C6F /* SignUpViewModel.swift in Sources */,
				BABED6242C67A2F100482C6F /* theofficialefficioappApp.swift in Sources */,
				BAEDA68C2C7FE933004F13B2 /* ChooseTimerView.swift in Sources */,
				BAEDA6882C7F9143004F13B2 /* SummaryView.swift in Sources */,
			);
			runOnlyForDeploymentPostprocessing = 0;
		};
		BABED62C2C67A2F300482C6F /* Sources */ = {
			isa = PBXSourcesBuildPhase;
			buildActionMask = 2147483647;
			files = (
				BABED6352C67A2F300482C6F /* theofficialefficioappTests.swift in Sources */,
			);
			runOnlyForDeploymentPostprocessing = 0;
		};
		BABED6362C67A2F300482C6F /* Sources */ = {
			isa = PBXSourcesBuildPhase;
			buildActionMask = 2147483647;
			files = (
				BABED63F2C67A2F300482C6F /* theofficialefficioappUITests.swift in Sources */,
				BABED6412C67A2F300482C6F /* theofficialefficioappUITestsLaunchTests.swift in Sources */,
			);
			runOnlyForDeploymentPostprocessing = 0;
		};
/* End PBXSourcesBuildPhase section */

/* Begin PBXTargetDependency section */
		BABED6322C67A2F300482C6F /* PBXTargetDependency */ = {
			isa = PBXTargetDependency;
			target = BABED61F2C67A2F000482C6F /* theofficialefficioapp */;
			targetProxy = BABED6312C67A2F300482C6F /* PBXContainerItemProxy */;
		};
		BABED63C2C67A2F300482C6F /* PBXTargetDependency */ = {
			isa = PBXTargetDependency;
			target = BABED61F2C67A2F000482C6F /* theofficialefficioapp */;
			targetProxy = BABED63B2C67A2F300482C6F /* PBXContainerItemProxy */;
		};
/* End PBXTargetDependency section */

/* Begin XCBuildConfiguration section */
		BABED6422C67A2F300482C6F /* Debug */ = {
			isa = XCBuildConfiguration;
			buildSettings = {
				ALWAYS_SEARCH_USER_PATHS = NO;
				ASSETCATALOG_COMPILER_GENERATE_SWIFT_ASSET_SYMBOL_EXTENSIONS = YES;
				CLANG_ANALYZER_NONNULL = YES;
				CLANG_ANALYZER_NUMBER_OBJECT_CONVERSION = YES_AGGRESSIVE;
				CLANG_CXX_LANGUAGE_STANDARD = "gnu++20";
				CLANG_ENABLE_MODULES = YES;
				CLANG_ENABLE_OBJC_ARC = YES;
				CLANG_ENABLE_OBJC_WEAK = YES;
				CLANG_WARN_BLOCK_CAPTURE_AUTORELEASING = YES;
				CLANG_WARN_BOOL_CONVERSION = YES;
				CLANG_WARN_COMMA = YES;
				CLANG_WARN_CONSTANT_CONVERSION = YES;
				CLANG_WARN_DEPRECATED_OBJC_IMPLEMENTATIONS = YES;
				CLANG_WARN_DIRECT_OBJC_ISA_USAGE = YES_ERROR;
				CLANG_WARN_DOCUMENTATION_COMMENTS = YES;
				CLANG_WARN_EMPTY_BODY = YES;
				CLANG_WARN_ENUM_CONVERSION = YES;
				CLANG_WARN_INFINITE_RECURSION = YES;
				CLANG_WARN_INT_CONVERSION = YES;
				CLANG_WARN_NON_LITERAL_NULL_CONVERSION = YES;
				CLANG_WARN_OBJC_IMPLICIT_RETAIN_SELF = YES;
				CLANG_WARN_OBJC_LITERAL_CONVERSION = YES;
				CLANG_WARN_OBJC_ROOT_CLASS = YES_ERROR;
				CLANG_WARN_QUOTED_INCLUDE_IN_FRAMEWORK_HEADER = YES;
				CLANG_WARN_RANGE_LOOP_ANALYSIS = YES;
				CLANG_WARN_STRICT_PROTOTYPES = YES;
				CLANG_WARN_SUSPICIOUS_MOVE = YES;
				CLANG_WARN_UNGUARDED_AVAILABILITY = YES_AGGRESSIVE;
				CLANG_WARN_UNREACHABLE_CODE = YES;
				CLANG_WARN__DUPLICATE_METHOD_MATCH = YES;
				COPY_PHASE_STRIP = NO;
				DEBUG_INFORMATION_FORMAT = dwarf;
				ENABLE_STRICT_OBJC_MSGSEND = YES;
				ENABLE_TESTABILITY = YES;
				ENABLE_USER_SCRIPT_SANDBOXING = YES;
				GCC_C_LANGUAGE_STANDARD = gnu17;
				GCC_DYNAMIC_NO_PIC = NO;
				GCC_NO_COMMON_BLOCKS = YES;
				GCC_OPTIMIZATION_LEVEL = 0;
				GCC_PREPROCESSOR_DEFINITIONS = (
					"DEBUG=1",
					"$(inherited)",
				);
				GCC_WARN_64_TO_32_BIT_CONVERSION = YES;
				GCC_WARN_ABOUT_RETURN_TYPE = YES_ERROR;
				GCC_WARN_UNDECLARED_SELECTOR = YES;
				GCC_WARN_UNINITIALIZED_AUTOS = YES_AGGRESSIVE;
				GCC_WARN_UNUSED_FUNCTION = YES;
				GCC_WARN_UNUSED_VARIABLE = YES;
				IPHONEOS_DEPLOYMENT_TARGET = 17.5;
				LOCALIZATION_PREFERS_STRING_CATALOGS = YES;
				MTL_ENABLE_DEBUG_INFO = INCLUDE_SOURCE;
				MTL_FAST_MATH = YES;
				ONLY_ACTIVE_ARCH = YES;
				SDKROOT = iphoneos;
				SWIFT_ACTIVE_COMPILATION_CONDITIONS = "DEBUG $(inherited)";
				SWIFT_OPTIMIZATION_LEVEL = "-Onone";
			};
			name = Debug;
		};
		BABED6432C67A2F300482C6F /* Release */ = {
			isa = XCBuildConfiguration;
			buildSettings = {
				ALWAYS_SEARCH_USER_PATHS = NO;
				ASSETCATALOG_COMPILER_GENERATE_SWIFT_ASSET_SYMBOL_EXTENSIONS = YES;
				CLANG_ANALYZER_NONNULL = YES;
				CLANG_ANALYZER_NUMBER_OBJECT_CONVERSION = YES_AGGRESSIVE;
				CLANG_CXX_LANGUAGE_STANDARD = "gnu++20";
				CLANG_ENABLE_MODULES = YES;
				CLANG_ENABLE_OBJC_ARC = YES;
				CLANG_ENABLE_OBJC_WEAK = YES;
				CLANG_WARN_BLOCK_CAPTURE_AUTORELEASING = YES;
				CLANG_WARN_BOOL_CONVERSION = YES;
				CLANG_WARN_COMMA = YES;
				CLANG_WARN_CONSTANT_CONVERSION = YES;
				CLANG_WARN_DEPRECATED_OBJC_IMPLEMENTATIONS = YES;
				CLANG_WARN_DIRECT_OBJC_ISA_USAGE = YES_ERROR;
				CLANG_WARN_DOCUMENTATION_COMMENTS = YES;
				CLANG_WARN_EMPTY_BODY = YES;
				CLANG_WARN_ENUM_CONVERSION = YES;
				CLANG_WARN_INFINITE_RECURSION = YES;
				CLANG_WARN_INT_CONVERSION = YES;
				CLANG_WARN_NON_LITERAL_NULL_CONVERSION = YES;
				CLANG_WARN_OBJC_IMPLICIT_RETAIN_SELF = YES;
				CLANG_WARN_OBJC_LITERAL_CONVERSION = YES;
				CLANG_WARN_OBJC_ROOT_CLASS = YES_ERROR;
				CLANG_WARN_QUOTED_INCLUDE_IN_FRAMEWORK_HEADER = YES;
				CLANG_WARN_RANGE_LOOP_ANALYSIS = YES;
				CLANG_WARN_STRICT_PROTOTYPES = YES;
				CLANG_WARN_SUSPICIOUS_MOVE = YES;
				CLANG_WARN_UNGUARDED_AVAILABILITY = YES_AGGRESSIVE;
				CLANG_WARN_UNREACHABLE_CODE = YES;
				CLANG_WARN__DUPLICATE_METHOD_MATCH = YES;
				COPY_PHASE_STRIP = NO;
				DEBUG_INFORMATION_FORMAT = "dwarf-with-dsym";
				ENABLE_NS_ASSERTIONS = NO;
				ENABLE_STRICT_OBJC_MSGSEND = YES;
				ENABLE_USER_SCRIPT_SANDBOXING = YES;
				GCC_C_LANGUAGE_STANDARD = gnu17;
				GCC_NO_COMMON_BLOCKS = YES;
				GCC_WARN_64_TO_32_BIT_CONVERSION = YES;
				GCC_WARN_ABOUT_RETURN_TYPE = YES_ERROR;
				GCC_WARN_UNDECLARED_SELECTOR = YES;
				GCC_WARN_UNINITIALIZED_AUTOS = YES_AGGRESSIVE;
				GCC_WARN_UNUSED_FUNCTION = YES;
				GCC_WARN_UNUSED_VARIABLE = YES;
				IPHONEOS_DEPLOYMENT_TARGET = 17.5;
				LOCALIZATION_PREFERS_STRING_CATALOGS = YES;
				MTL_ENABLE_DEBUG_INFO = NO;
				MTL_FAST_MATH = YES;
				SDKROOT = iphoneos;
				SWIFT_COMPILATION_MODE = wholemodule;
				VALIDATE_PRODUCT = YES;
			};
			name = Release;
		};
		BABED6452C67A2F300482C6F /* Debug */ = {
			isa = XCBuildConfiguration;
			buildSettings = {
				ASSETCATALOG_COMPILER_APPICON_NAME = AppIcon;
				ASSETCATALOG_COMPILER_GLOBAL_ACCENT_COLOR_NAME = AccentColor;
				CODE_SIGN_STYLE = Automatic;
				CURRENT_PROJECT_VERSION = 1;
				DEVELOPMENT_ASSET_PATHS = "\"theofficialefficioapp/Preview Content\"";
				ENABLE_PREVIEWS = YES;
				GENERATE_INFOPLIST_FILE = YES;
				INFOPLIST_FILE = theofficialefficioapp/Info.plist;
				INFOPLIST_KEY_UIApplicationSceneManifest_Generation = YES;
				INFOPLIST_KEY_UIApplicationSupportsIndirectInputEvents = YES;
				INFOPLIST_KEY_UILaunchScreen_Generation = YES;
				INFOPLIST_KEY_UILaunchStoryboardName = "Launch Screen.storyboard";
				INFOPLIST_KEY_UISupportedInterfaceOrientations = UIInterfaceOrientationPortrait;
				INFOPLIST_KEY_UIUserInterfaceStyle = Light;
				LD_RUNPATH_SEARCH_PATHS = (
					"$(inherited)",
					"@executable_path/Frameworks",
				);
				MARKETING_VERSION = 1.0;
				PRODUCT_BUNDLE_IDENTIFIER = "KJ-Studios.theofficialefficioapp";
				PRODUCT_NAME = "$(TARGET_NAME)";
				SWIFT_EMIT_LOC_STRINGS = YES;
				SWIFT_VERSION = 5.0;
				TARGETED_DEVICE_FAMILY = "1,2";
			};
			name = Debug;
		};
		BABED6462C67A2F300482C6F /* Release */ = {
			isa = XCBuildConfiguration;
			buildSettings = {
				ASSETCATALOG_COMPILER_APPICON_NAME = AppIcon;
				ASSETCATALOG_COMPILER_GLOBAL_ACCENT_COLOR_NAME = AccentColor;
				CODE_SIGN_STYLE = Automatic;
				CURRENT_PROJECT_VERSION = 1;
				DEVELOPMENT_ASSET_PATHS = "\"theofficialefficioapp/Preview Content\"";
				ENABLE_PREVIEWS = YES;
				GENERATE_INFOPLIST_FILE = YES;
				INFOPLIST_FILE = theofficialefficioapp/Info.plist;
				INFOPLIST_KEY_UIApplicationSceneManifest_Generation = YES;
				INFOPLIST_KEY_UIApplicationSupportsIndirectInputEvents = YES;
				INFOPLIST_KEY_UILaunchScreen_Generation = YES;
				INFOPLIST_KEY_UILaunchStoryboardName = "Launch Screen.storyboard";
				INFOPLIST_KEY_UISupportedInterfaceOrientations = UIInterfaceOrientationPortrait;
				INFOPLIST_KEY_UIUserInterfaceStyle = Light;
				LD_RUNPATH_SEARCH_PATHS = (
					"$(inherited)",
					"@executable_path/Frameworks",
				);
				MARKETING_VERSION = 1.0;
				PRODUCT_BUNDLE_IDENTIFIER = "KJ-Studios.theofficialefficioapp";
				PRODUCT_NAME = "$(TARGET_NAME)";
				SWIFT_EMIT_LOC_STRINGS = YES;
				SWIFT_VERSION = 5.0;
				TARGETED_DEVICE_FAMILY = "1,2";
			};
			name = Release;
		};
		BABED6482C67A2F300482C6F /* Debug */ = {
			isa = XCBuildConfiguration;
			buildSettings = {
				ALWAYS_EMBED_SWIFT_STANDARD_LIBRARIES = YES;
				BUNDLE_LOADER = "$(TEST_HOST)";
				CODE_SIGN_STYLE = Automatic;
				CURRENT_PROJECT_VERSION = 1;
				GENERATE_INFOPLIST_FILE = YES;
				IPHONEOS_DEPLOYMENT_TARGET = 17.5;
				MARKETING_VERSION = 1.0;
				PRODUCT_BUNDLE_IDENTIFIER = "KJ-Studios.theofficialefficioappTests";
				PRODUCT_NAME = "$(TARGET_NAME)";
				SWIFT_EMIT_LOC_STRINGS = NO;
				SWIFT_VERSION = 5.0;
				TARGETED_DEVICE_FAMILY = "1,2";
				TEST_HOST = "$(BUILT_PRODUCTS_DIR)/theofficialefficioapp.app/$(BUNDLE_EXECUTABLE_FOLDER_PATH)/theofficialefficioapp";
			};
			name = Debug;
		};
		BABED6492C67A2F300482C6F /* Release */ = {
			isa = XCBuildConfiguration;
			buildSettings = {
				ALWAYS_EMBED_SWIFT_STANDARD_LIBRARIES = YES;
				BUNDLE_LOADER = "$(TEST_HOST)";
				CODE_SIGN_STYLE = Automatic;
				CURRENT_PROJECT_VERSION = 1;
				GENERATE_INFOPLIST_FILE = YES;
				IPHONEOS_DEPLOYMENT_TARGET = 17.5;
				MARKETING_VERSION = 1.0;
				PRODUCT_BUNDLE_IDENTIFIER = "KJ-Studios.theofficialefficioappTests";
				PRODUCT_NAME = "$(TARGET_NAME)";
				SWIFT_EMIT_LOC_STRINGS = NO;
				SWIFT_VERSION = 5.0;
				TARGETED_DEVICE_FAMILY = "1,2";
				TEST_HOST = "$(BUILT_PRODUCTS_DIR)/theofficialefficioapp.app/$(BUNDLE_EXECUTABLE_FOLDER_PATH)/theofficialefficioapp";
			};
			name = Release;
		};
		BABED64B2C67A2F300482C6F /* Debug */ = {
			isa = XCBuildConfiguration;
			buildSettings = {
				ALWAYS_EMBED_SWIFT_STANDARD_LIBRARIES = YES;
				CODE_SIGN_STYLE = Automatic;
				CURRENT_PROJECT_VERSION = 1;
				GENERATE_INFOPLIST_FILE = YES;
				MARKETING_VERSION = 1.0;
				PRODUCT_BUNDLE_IDENTIFIER = "KJ-Studios.theofficialefficioappUITests";
				PRODUCT_NAME = "$(TARGET_NAME)";
				SWIFT_EMIT_LOC_STRINGS = NO;
				SWIFT_VERSION = 5.0;
				TARGETED_DEVICE_FAMILY = "1,2";
				TEST_TARGET_NAME = theofficialefficioapp;
			};
			name = Debug;
		};
		BABED64C2C67A2F300482C6F /* Release */ = {
			isa = XCBuildConfiguration;
			buildSettings = {
				ALWAYS_EMBED_SWIFT_STANDARD_LIBRARIES = YES;
				CODE_SIGN_STYLE = Automatic;
				CURRENT_PROJECT_VERSION = 1;
				GENERATE_INFOPLIST_FILE = YES;
				MARKETING_VERSION = 1.0;
				PRODUCT_BUNDLE_IDENTIFIER = "KJ-Studios.theofficialefficioappUITests";
				PRODUCT_NAME = "$(TARGET_NAME)";
				SWIFT_EMIT_LOC_STRINGS = NO;
				SWIFT_VERSION = 5.0;
				TARGETED_DEVICE_FAMILY = "1,2";
				TEST_TARGET_NAME = theofficialefficioapp;
			};
			name = Release;
		};
/* End XCBuildConfiguration section */

/* Begin XCConfigurationList section */
		BABED61B2C67A2F000482C6F /* Build configuration list for PBXProject "theofficialefficioapp" */ = {
			isa = XCConfigurationList;
			buildConfigurations = (
				BABED6422C67A2F300482C6F /* Debug */,
				BABED6432C67A2F300482C6F /* Release */,
			);
			defaultConfigurationIsVisible = 0;
			defaultConfigurationName = Release;
		};
		BABED6442C67A2F300482C6F /* Build configuration list for PBXNativeTarget "theofficialefficioapp" */ = {
			isa = XCConfigurationList;
			buildConfigurations = (
				BABED6452C67A2F300482C6F /* Debug */,
				BABED6462C67A2F300482C6F /* Release */,
			);
			defaultConfigurationIsVisible = 0;
			defaultConfigurationName = Release;
		};
		BABED6472C67A2F300482C6F /* Build configuration list for PBXNativeTarget "theofficialefficioappTests" */ = {
			isa = XCConfigurationList;
			buildConfigurations = (
				BABED6482C67A2F300482C6F /* Debug */,
				BABED6492C67A2F300482C6F /* Release */,
			);
			defaultConfigurationIsVisible = 0;
			defaultConfigurationName = Release;
		};
		BABED64A2C67A2F300482C6F /* Build configuration list for PBXNativeTarget "theofficialefficioappUITests" */ = {
			isa = XCConfigurationList;
			buildConfigurations = (
				BABED64B2C67A2F300482C6F /* Debug */,
				BABED64C2C67A2F300482C6F /* Release */,
			);
			defaultConfigurationIsVisible = 0;
			defaultConfigurationName = Release;
		};
/* End XCConfigurationList section */

/* Begin XCRemoteSwiftPackageReference section */
		BABED6692C68F79E00482C6F /* XCRemoteSwiftPackageReference "firebase-ios-sdk" */ = {
			isa = XCRemoteSwiftPackageReference;
			repositoryURL = "https://github.com/firebase/firebase-ios-sdk";
			requirement = {
				kind = upToNextMajorVersion;
				minimumVersion = 11.0.0;
			};
		};
		BAEDA6CF2C83EAA7004F13B2 /* XCRemoteSwiftPackageReference "Charts" */ = {
			isa = XCRemoteSwiftPackageReference;
			repositoryURL = "https://github.com/danielgindi/Charts";
			requirement = {
				kind = upToNextMajorVersion;
				minimumVersion = 5.1.0;
			};
		};
/* End XCRemoteSwiftPackageReference section */

/* Begin XCSwiftPackageProductDependency section */
		BABED66A2C68F79E00482C6F /* FirebaseAuth */ = {
			isa = XCSwiftPackageProductDependency;
			package = BABED6692C68F79E00482C6F /* XCRemoteSwiftPackageReference "firebase-ios-sdk" */;
			productName = FirebaseAuth;
		};
		BABED66C2C68F79E00482C6F /* FirebaseFirestore */ = {
			isa = XCSwiftPackageProductDependency;
			package = BABED6692C68F79E00482C6F /* XCRemoteSwiftPackageReference "firebase-ios-sdk" */;
			productName = FirebaseFirestore;
		};
		BABED66E2C68F79E00482C6F /* FirebaseFirestoreCombine-Community */ = {
			isa = XCSwiftPackageProductDependency;
			package = BABED6692C68F79E00482C6F /* XCRemoteSwiftPackageReference "firebase-ios-sdk" */;
			productName = "FirebaseFirestoreCombine-Community";
		};
		BAEDA65C2C6C1F0D004F13B2 /* FirebaseStorage */ = {
			isa = XCSwiftPackageProductDependency;
			package = BABED6692C68F79E00482C6F /* XCRemoteSwiftPackageReference "firebase-ios-sdk" */;
			productName = FirebaseStorage;
		};
/* End XCSwiftPackageProductDependency section */
	};
	rootObject = BABED6182C67A2F000482C6F /* Project object */;
}
