// !$*UTF8*$!
{
	archiveVersion = 1;
	classes = {
	};
	objectVersion = 56;
	objects = {

/* Begin PBXBuildFile section */
		BABED6242C67A2F100482C6F /* theofficialefficioappApp.swift in Sources */ = {isa = PBXBuildFile; fileRef = BABED6232C67A2F100482C6F /* theofficialefficioappApp.swift */; };
		BABED6262C67A2F100482C6F /* ContentView.swift in Sources */ = {isa = PBXBuildFile; fileRef = BABED6252C67A2F100482C6F /* ContentView.swift */; };
		BABED6282C67A2F300482C6F /* Assets.xcassets in Resources */ = {isa = PBXBuildFile; fileRef = BABED6272C67A2F300482C6F /* Assets.xcassets */; };
		BABED62B2C67A2F300482C6F /* Preview Assets.xcassets in Resources */ = {isa = PBXBuildFile; fileRef = BABED62A2C67A2F300482C6F /* Preview Assets.xcassets */; };
		BABED6352C67A2F300482C6F /* theofficialefficioappTests.swift in Sources */ = {isa = PBXBuildFile; fileRef = BABED6342C67A2F300482C6F /* theofficialefficioappTests.swift */; };
		BABED63F2C67A2F300482C6F /* theofficialefficioappUITests.swift in Sources */ = {isa = PBXBuildFile; fileRef = BABED63E2C67A2F300482C6F /* theofficialefficioappUITests.swift */; };
		BABED6412C67A2F300482C6F /* theofficialefficioappUITestsLaunchTests.swift in Sources */ = {isa = PBXBuildFile; fileRef = BABED6402C67A2F300482C6F /* theofficialefficioappUITestsLaunchTests.swift */; };
		BABED64E2C67A32F00482C6F /* SignInView.swift in Sources */ = {isa = PBXBuildFile; fileRef = BABED64D2C67A32F00482C6F /* SignInView.swift */; };
		BABED6502C67A33700482C6F /* SignUpView.swift in Sources */ = {isa = PBXBuildFile; fileRef = BABED64F2C67A33700482C6F /* SignUpView.swift */; };
		BABED6522C67A33F00482C6F /* SplashScreenView.swift in Sources */ = {isa = PBXBuildFile; fileRef = BABED6512C67A33F00482C6F /* SplashScreenView.swift */; };
		BABED6542C67A34C00482C6F /* GettingStartedView.swift in Sources */ = {isa = PBXBuildFile; fileRef = BABED6532C67A34B00482C6F /* GettingStartedView.swift */; };
/* End PBXBuildFile section */

/* Begin PBXContainerItemProxy section */
		BABED6312C67A2F300482C6F /* PBXContainerItemProxy */ = {
			isa = PBXContainerItemProxy;
			containerPortal = BABED6182C67A2F000482C6F /* Project object */;
			proxyType = 1;
			remoteGlobalIDString = BABED61F2C67A2F000482C6F;
			remoteInfo = theofficialefficioapp;
		};
		BABED63B2C67A2F300482C6F /* PBXContainerItemProxy */ = {
			isa = PBXContainerItemProxy;
			containerPortal = BABED6182C67A2F000482C6F /* Project object */;
			proxyType = 1;
			remoteGlobalIDString = BABED61F2C67A2F000482C6F;
			remoteInfo = theofficialefficioapp;
		};
/* End PBXContainerItemProxy section */

/* Begin PBXFileReference section */
		BABED6202C67A2F000482C6F /* theofficialefficioapp.app */ = {isa = PBXFileReference; explicitFileType = wrapper.application; includeInIndex = 0; path = theofficialefficioapp.app; sourceTree = BUILT_PRODUCTS_DIR; };
		BABED6232C67A2F100482C6F /* theofficialefficioappApp.swift */ = {isa = PBXFileReference; lastKnownFileType = sourcecode.swift; path = theofficialefficioappApp.swift; sourceTree = "<group>"; };
		BABED6252C67A2F100482C6F /* ContentView.swift */ = {isa = PBXFileReference; lastKnownFileType = sourcecode.swift; path = ContentView.swift; sourceTree = "<group>"; };
		BABED6272C67A2F300482C6F /* Assets.xcassets */ = {isa = PBXFileReference; lastKnownFileType = folder.assetcatalog; path = Assets.xcassets; sourceTree = "<group>"; };
		BABED62A2C67A2F300482C6F /* Preview Assets.xcassets */ = {isa = PBXFileReference; lastKnownFileType = folder.assetcatalog; path = "Preview Assets.xcassets"; sourceTree = "<group>"; };
		BABED6302C67A2F300482C6F /* theofficialefficioappTests.xctest */ = {isa = PBXFileReference; explicitFileType = wrapper.cfbundle; includeInIndex = 0; path = theofficialefficioappTests.xctest; sourceTree = BUILT_PRODUCTS_DIR; };
		BABED6342C67A2F300482C6F /* theofficialefficioappTests.swift */ = {isa = PBXFileReference; lastKnownFileType = sourcecode.swift; path = theofficialefficioappTests.swift; sourceTree = "<group>"; };
		BABED63A2C67A2F300482C6F /* theofficialefficioappUITests.xctest */ = {isa = PBXFileReference; explicitFileType = wrapper.cfbundle; includeInIndex = 0; path = theofficialefficioappUITests.xctest; sourceTree = BUILT_PRODUCTS_DIR; };
		BABED63E2C67A2F300482C6F /* theofficialefficioappUITests.swift */ = {isa = PBXFileReference; lastKnownFileType = sourcecode.swift; path = theofficialefficioappUITests.swift; sourceTree = "<group>"; };
		BABED6402C67A2F300482C6F /* theofficialefficioappUITestsLaunchTests.swift */ = {isa = PBXFileReference; lastKnownFileType = sourcecode.swift; path = theofficialefficioappUITestsLaunchTests.swift; sourceTree = "<group>"; };
		BABED64D2C67A32F00482C6F /* SignInView.swift */ = {isa = PBXFileReference; lastKnownFileType = sourcecode.swift; path = SignInView.swift; sourceTree = "<group>"; };
		BABED64F2C67A33700482C6F /* SignUpView.swift */ = {isa = PBXFileReference; lastKnownFileType = sourcecode.swift; path = SignUpView.swift; sourceTree = "<group>"; };
		BABED6512C67A33F00482C6F /* SplashScreenView.swift */ = {isa = PBXFileReference; lastKnownFileType = sourcecode.swift; path = SplashScreenView.swift; sourceTree = "<group>"; };
		BABED6532C67A34B00482C6F /* GettingStartedView.swift */ = {isa = PBXFileReference; lastKnownFileType = sourcecode.swift; path = GettingStartedView.swift; sourceTree = "<group>"; };
/* End PBXFileReference section */

/* Begin PBXFrameworksBuildPhase section */
		BABED61D2C67A2F000482C6F /* Frameworks */ = {
			isa = PBXFrameworksBuildPhase;
			buildActionMask = 2147483647;
			files = (
			);
			runOnlyForDeploymentPostprocessing = 0;
		};
		BABED62D2C67A2F300482C6F /* Frameworks */ = {
			isa = PBXFrameworksBuildPhase;
			buildActionMask = 2147483647;
			files = (
			);
			runOnlyForDeploymentPostprocessing = 0;
		};
		BABED6372C67A2F300482C6F /* Frameworks */ = {
			isa = PBXFrameworksBuildPhase;
			buildActionMask = 2147483647;
			files = (
			);
			runOnlyForDeploymentPostprocessing = 0;
		};
/* End PBXFrameworksBuildPhase section */

/* Begin PBXGroup section */
		BABED6172C67A2F000482C6F = {
			isa = PBXGroup;
			children = (
				BABED6222C67A2F100482C6F /* theofficialefficioapp */,
				BABED6332C67A2F300482C6F /* theofficialefficioappTests */,
				BABED63D2C67A2F300482C6F /* theofficialefficioappUITests */,
				BABED6212C67A2F000482C6F /* Products */,
			);
			sourceTree = "<group>";
		};
		BABED6212C67A2F000482C6F /* Products */ = {
			isa = PBXGroup;
			children = (
				BABED6202C67A2F000482C6F /* theofficialefficioapp.app */,
				BABED6302C67A2F300482C6F /* theofficialefficioappTests.xctest */,
				BABED63A2C67A2F300482C6F /* theofficialefficioappUITests.xctest */,
			);
			name = Products;
			sourceTree = "<group>";
		};
		BABED6222C67A2F100482C6F /* theofficialefficioapp */ = {
			isa = PBXGroup;
			children = (
				BABED6232C67A2F100482C6F /* theofficialefficioappApp.swift */,
				BABED6252C67A2F100482C6F /* ContentView.swift */,
				BABED64D2C67A32F00482C6F /* SignInView.swift */,
				BABED64F2C67A33700482C6F /* SignUpView.swift */,
				BABED6512C67A33F00482C6F /* SplashScreenView.swift */,
				BABED6532C67A34B00482C6F /* GettingStartedView.swift */,
				BABED6272C67A2F300482C6F /* Assets.xcassets */,
				BABED6292C67A2F300482C6F /* Preview Content */,
			);
			path = theofficialefficioapp;
			sourceTree = "<group>";
		};
		BABED6292C67A2F300482C6F /* Preview Content */ = {
			isa = PBXGroup;
			children = (
				BABED62A2C67A2F300482C6F /* Preview Assets.xcassets */,
			);
			path = "Preview Content";
			sourceTree = "<group>";
		};
		BABED6332C67A2F300482C6F /* theofficialefficioappTests */ = {
			isa = PBXGroup;
			children = (
				BABED6342C67A2F300482C6F /* theofficialefficioappTests.swift */,
			);
			path = theofficialefficioappTests;
			sourceTree = "<group>";
		};
		BABED63D2C67A2F300482C6F /* theofficialefficioappUITests */ = {
			isa = PBXGroup;
			children = (
				BABED63E2C67A2F300482C6F /* theofficialefficioappUITests.swift */,
				BABED6402C67A2F300482C6F /* theofficialefficioappUITestsLaunchTests.swift */,
			);
			path = theofficialefficioappUITests;
			sourceTree = "<group>";
		};
/* End PBXGroup section */

/* Begin PBXNativeTarget section */
		BABED61F2C67A2F000482C6F /* theofficialefficioapp */ = {
			isa = PBXNativeTarget;
			buildConfigurationList = BABED6442C67A2F300482C6F /* Build configuration list for PBXNativeTarget "theofficialefficioapp" */;
			buildPhases = (
				BABED61C2C67A2F000482C6F /* Sources */,
				BABED61D2C67A2F000482C6F /* Frameworks */,
				BABED61E2C67A2F000482C6F /* Resources */,
			);
			buildRules = (
			);
			dependencies = (
			);
			name = theofficialefficioapp;
			productName = theofficialefficioapp;
			productReference = BABED6202C67A2F000482C6F /* theofficialefficioapp.app */;
			productType = "com.apple.product-type.application";
		};
		BABED62F2C67A2F300482C6F /* theofficialefficioappTests */ = {
			isa = PBXNativeTarget;
			buildConfigurationList = BABED6472C67A2F300482C6F /* Build configuration list for PBXNativeTarget "theofficialefficioappTests" */;
			buildPhases = (
				BABED62C2C67A2F300482C6F /* Sources */,
				BABED62D2C67A2F300482C6F /* Frameworks */,
				BABED62E2C67A2F300482C6F /* Resources */,
			);
			buildRules = (
			);
			dependencies = (
				BABED6322C67A2F300482C6F /* PBXTargetDependency */,
			);
			name = theofficialefficioappTests;
			productName = theofficialefficioappTests;
			productReference = BABED6302C67A2F300482C6F /* theofficialefficioappTests.xctest */;
			productType = "com.apple.product-type.bundle.unit-test";
		};
		BABED6392C67A2F300482C6F /* theofficialefficioappUITests */ = {
			isa = PBXNativeTarget;
			buildConfigurationList = BABED64A2C67A2F300482C6F /* Build configuration list for PBXNativeTarget "theofficialefficioappUITests" */;
			buildPhases = (
				BABED6362C67A2F300482C6F /* Sources */,
				BABED6372C67A2F300482C6F /* Frameworks */,
				BABED6382C67A2F300482C6F /* Resources */,
			);
			buildRules = (
			);
			dependencies = (
				BABED63C2C67A2F300482C6F /* PBXTargetDependency */,
			);
			name = theofficialefficioappUITests;
			productName = theofficialefficioappUITests;
			productReference = BABED63A2C67A2F300482C6F /* theofficialefficioappUITests.xctest */;
			productType = "com.apple.product-type.bundle.ui-testing";
		};
/* End PBXNativeTarget section */

/* Begin PBXProject section */
		BABED6182C67A2F000482C6F /* Project object */ = {
			isa = PBXProject;
			attributes = {
				BuildIndependentTargetsInParallel = 1;
				LastSwiftUpdateCheck = 1540;
				LastUpgradeCheck = 1540;
				TargetAttributes = {
					BABED61F2C67A2F000482C6F = {
						CreatedOnToolsVersion = 15.4;
					};
					BABED62F2C67A2F300482C6F = {
						CreatedOnToolsVersion = 15.4;
						TestTargetID = BABED61F2C67A2F000482C6F;
					};
					BABED6392C67A2F300482C6F = {
						CreatedOnToolsVersion = 15.4;
						TestTargetID = BABED61F2C67A2F000482C6F;
					};
				};
			};
			buildConfigurationList = BABED61B2C67A2F000482C6F /* Build configuration list for PBXProject "theofficialefficioapp" */;
			compatibilityVersion = "Xcode 14.0";
			developmentRegion = en;
			hasScannedForEncodings = 0;
			knownRegions = (
				en,
				Base,
			);
			mainGroup = BABED6172C67A2F000482C6F;
			productRefGroup = BABED6212C67A2F000482C6F /* Products */;
			projectDirPath = "";
			projectRoot = "";
			targets = (
				BABED61F2C67A2F000482C6F /* theofficialefficioapp */,
				BABED62F2C67A2F300482C6F /* theofficialefficioappTests */,
				BABED6392C67A2F300482C6F /* theofficialefficioappUITests */,
			);
		};
/* End PBXProject section */

/* Begin PBXResourcesBuildPhase section */
		BABED61E2C67A2F000482C6F /* Resources */ = {
			isa = PBXResourcesBuildPhase;
			buildActionMask = 2147483647;
			files = (
				BABED62B2C67A2F300482C6F /* Preview Assets.xcassets in Resources */,
				BABED6282C67A2F300482C6F /* Assets.xcassets in Resources */,
			);
			runOnlyForDeploymentPostprocessing = 0;
		};
		BABED62E2C67A2F300482C6F /* Resources */ = {
			isa = PBXResourcesBuildPhase;
			buildActionMask = 2147483647;
			files = (
			);
			runOnlyForDeploymentPostprocessing = 0;
		};
		BABED6382C67A2F300482C6F /* Resources */ = {
			isa = PBXResourcesBuildPhase;
			buildActionMask = 2147483647;
			files = (
			);
			runOnlyForDeploymentPostprocessing = 0;
		};
/* End PBXResourcesBuildPhase section */

/* Begin PBXSourcesBuildPhase section */
		BABED61C2C67A2F000482C6F /* Sources */ = {
			isa = PBXSourcesBuildPhase;
			buildActionMask = 2147483647;
			files = (
				BABED6502C67A33700482C6F /* SignUpView.swift in Sources */,
				BABED6542C67A34C00482C6F /* GettingStartedView.swift in Sources */,
				BABED64E2C67A32F00482C6F /* SignInView.swift in Sources */,
				BABED6522C67A33F00482C6F /* SplashScreenView.swift in Sources */,
				BABED6262C67A2F100482C6F /* ContentView.swift in Sources */,
				BABED6242C67A2F100482C6F /* theofficialefficioappApp.swift in Sources */,
			);
			runOnlyForDeploymentPostprocessing = 0;
		};
		BABED62C2C67A2F300482C6F /* Sources */ = {
			isa = PBXSourcesBuildPhase;
			buildActionMask = 2147483647;
			files = (
				BABED6352C67A2F300482C6F /* theofficialefficioappTests.swift in Sources */,
			);
			runOnlyForDeploymentPostprocessing = 0;
		};
		BABED6362C67A2F300482C6F /* Sources */ = {
			isa = PBXSourcesBuildPhase;
			buildActionMask = 2147483647;
			files = (
				BABED63F2C67A2F300482C6F /* theofficialefficioappUITests.swift in Sources */,
				BABED6412C67A2F300482C6F /* theofficialefficioappUITestsLaunchTests.swift in Sources */,
			);
			runOnlyForDeploymentPostprocessing = 0;
		};
/* End PBXSourcesBuildPhase section */

/* Begin PBXTargetDependency section */
		BABED6322C67A2F300482C6F /* PBXTargetDependency */ = {
			isa = PBXTargetDependency;
			target = BABED61F2C67A2F000482C6F /* theofficialefficioapp */;
			targetProxy = BABED6312C67A2F300482C6F /* PBXContainerItemProxy */;
		};
		BABED63C2C67A2F300482C6F /* PBXTargetDependency */ = {
			isa = PBXTargetDependency;
			target = BABED61F2C67A2F000482C6F /* theofficialefficioapp */;
			targetProxy = BABED63B2C67A2F300482C6F /* PBXContainerItemProxy */;
		};
/* End PBXTargetDependency section */

/* Begin XCBuildConfiguration section */
		BABED6422C67A2F300482C6F /* Debug */ = {
			isa = XCBuildConfiguration;
			buildSettings = {
				ALWAYS_SEARCH_USER_PATHS = NO;
				ASSETCATALOG_COMPILER_GENERATE_SWIFT_ASSET_SYMBOL_EXTENSIONS = YES;
				CLANG_ANALYZER_NONNULL = YES;
				CLANG_ANALYZER_NUMBER_OBJECT_CONVERSION = YES_AGGRESSIVE;
				CLANG_CXX_LANGUAGE_STANDARD = "gnu++20";
				CLANG_ENABLE_MODULES = YES;
				CLANG_ENABLE_OBJC_ARC = YES;
				CLANG_ENABLE_OBJC_WEAK = YES;
				CLANG_WARN_BLOCK_CAPTURE_AUTORELEASING = YES;
				CLANG_WARN_BOOL_CONVERSION = YES;
				CLANG_WARN_COMMA = YES;
				CLANG_WARN_CONSTANT_CONVERSION = YES;
				CLANG_WARN_DEPRECATED_OBJC_IMPLEMENTATIONS = YES;
				CLANG_WARN_DIRECT_OBJC_ISA_USAGE = YES_ERROR;
				CLANG_WARN_DOCUMENTATION_COMMENTS = YES;
				CLANG_WARN_EMPTY_BODY = YES;
				CLANG_WARN_ENUM_CONVERSION = YES;
				CLANG_WARN_INFINITE_RECURSION = YES;
				CLANG_WARN_INT_CONVERSION = YES;
				CLANG_WARN_NON_LITERAL_NULL_CONVERSION = YES;
				CLANG_WARN_OBJC_IMPLICIT_RETAIN_SELF = YES;
				CLANG_WARN_OBJC_LITERAL_CONVERSION = YES;
				CLANG_WARN_OBJC_ROOT_CLASS = YES_ERROR;
				CLANG_WARN_QUOTED_INCLUDE_IN_FRAMEWORK_HEADER = YES;
				CLANG_WARN_RANGE_LOOP_ANALYSIS = YES;
				CLANG_WARN_STRICT_PROTOTYPES = YES;
				CLANG_WARN_SUSPICIOUS_MOVE = YES;
				CLANG_WARN_UNGUARDED_AVAILABILITY = YES_AGGRESSIVE;
				CLANG_WARN_UNREACHABLE_CODE = YES;
				CLANG_WARN__DUPLICATE_METHOD_MATCH = YES;
				COPY_PHASE_STRIP = NO;
				DEBUG_INFORMATION_FORMAT = dwarf;
				ENABLE_STRICT_OBJC_MSGSEND = YES;
				ENABLE_TESTABILITY = YES;
				ENABLE_USER_SCRIPT_SANDBOXING = YES;
				GCC_C_LANGUAGE_STANDARD = gnu17;
				GCC_DYNAMIC_NO_PIC = NO;
				GCC_NO_COMMON_BLOCKS = YES;
				GCC_OPTIMIZATION_LEVEL = 0;
				GCC_PREPROCESSOR_DEFINITIONS = (
					"DEBUG=1",
					"$(inherited)",
				);
				GCC_WARN_64_TO_32_BIT_CONVERSION = YES;
				GCC_WARN_ABOUT_RETURN_TYPE = YES_ERROR;
				GCC_WARN_UNDECLARED_SELECTOR = YES;
				GCC_WARN_UNINITIALIZED_AUTOS = YES_AGGRESSIVE;
				GCC_WARN_UNUSED_FUNCTION = YES;
				GCC_WARN_UNUSED_VARIABLE = YES;
				IPHONEOS_DEPLOYMENT_TARGET = 17.5;
				LOCALIZATION_PREFERS_STRING_CATALOGS = YES;
				MTL_ENABLE_DEBUG_INFO = INCLUDE_SOURCE;
				MTL_FAST_MATH = YES;
				ONLY_ACTIVE_ARCH = YES;
				SDKROOT = iphoneos;
				SWIFT_ACTIVE_COMPILATION_CONDITIONS = "DEBUG $(inherited)";
				SWIFT_OPTIMIZATION_LEVEL = "-Onone";
			};
			name = Debug;
		};
		BABED6432C67A2F300482C6F /* Release */ = {
			isa = XCBuildConfiguration;
			buildSettings = {
				ALWAYS_SEARCH_USER_PATHS = NO;
				ASSETCATALOG_COMPILER_GENERATE_SWIFT_ASSET_SYMBOL_EXTENSIONS = YES;
				CLANG_ANALYZER_NONNULL = YES;
				CLANG_ANALYZER_NUMBER_OBJECT_CONVERSION = YES_AGGRESSIVE;
				CLANG_CXX_LANGUAGE_STANDARD = "gnu++20";
				CLANG_ENABLE_MODULES = YES;
				CLANG_ENABLE_OBJC_ARC = YES;
				CLANG_ENABLE_OBJC_WEAK = YES;
				CLANG_WARN_BLOCK_CAPTURE_AUTORELEASING = YES;
				CLANG_WARN_BOOL_CONVERSION = YES;
				CLANG_WARN_COMMA = YES;
				CLANG_WARN_CONSTANT_CONVERSION = YES;
				CLANG_WARN_DEPRECATED_OBJC_IMPLEMENTATIONS = YES;
				CLANG_WARN_DIRECT_OBJC_ISA_USAGE = YES_ERROR;
				CLANG_WARN_DOCUMENTATION_COMMENTS = YES;
				CLANG_WARN_EMPTY_BODY = YES;
				CLANG_WARN_ENUM_CONVERSION = YES;
				CLANG_WARN_INFINITE_RECURSION = YES;
				CLANG_WARN_INT_CONVERSION = YES;
				CLANG_WARN_NON_LITERAL_NULL_CONVERSION = YES;
				CLANG_WARN_OBJC_IMPLICIT_RETAIN_SELF = YES;
				CLANG_WARN_OBJC_LITERAL_CONVERSION = YES;
				CLANG_WARN_OBJC_ROOT_CLASS = YES_ERROR;
				CLANG_WARN_QUOTED_INCLUDE_IN_FRAMEWORK_HEADER = YES;
				CLANG_WARN_RANGE_LOOP_ANALYSIS = YES;
				CLANG_WARN_STRICT_PROTOTYPES = YES;
				CLANG_WARN_SUSPICIOUS_MOVE = YES;
				CLANG_WARN_UNGUARDED_AVAILABILITY = YES_AGGRESSIVE;
				CLANG_WARN_UNREACHABLE_CODE = YES;
				CLANG_WARN__DUPLICATE_METHOD_MATCH = YES;
				COPY_PHASE_STRIP = NO;
				DEBUG_INFORMATION_FORMAT = "dwarf-with-dsym";
				ENABLE_NS_ASSERTIONS = NO;
				ENABLE_STRICT_OBJC_MSGSEND = YES;
				ENABLE_USER_SCRIPT_SANDBOXING = YES;
				GCC_C_LANGUAGE_STANDARD = gnu17;
				GCC_NO_COMMON_BLOCKS = YES;
				GCC_WARN_64_TO_32_BIT_CONVERSION = YES;
				GCC_WARN_ABOUT_RETURN_TYPE = YES_ERROR;
				GCC_WARN_UNDECLARED_SELECTOR = YES;
				GCC_WARN_UNINITIALIZED_AUTOS = YES_AGGRESSIVE;
				GCC_WARN_UNUSED_FUNCTION = YES;
				GCC_WARN_UNUSED_VARIABLE = YES;
				IPHONEOS_DEPLOYMENT_TARGET = 17.5;
				LOCALIZATION_PREFERS_STRING_CATALOGS = YES;
				MTL_ENABLE_DEBUG_INFO = NO;
				MTL_FAST_MATH = YES;
				SDKROOT = iphoneos;
				SWIFT_COMPILATION_MODE = wholemodule;
				VALIDATE_PRODUCT = YES;
			};
			name = Release;
		};
		BABED6452C67A2F300482C6F /* Debug */ = {
			isa = XCBuildConfiguration;
			buildSettings = {
				ASSETCATALOG_COMPILER_APPICON_NAME = AppIcon;
				ASSETCATALOG_COMPILER_GLOBAL_ACCENT_COLOR_NAME = AccentColor;
				CODE_SIGN_STYLE = Automatic;
				CURRENT_PROJECT_VERSION = 1;
				DEVELOPMENT_ASSET_PATHS = "\"theofficialefficioapp/Preview Content\"";
				ENABLE_PREVIEWS = YES;
				GENERATE_INFOPLIST_FILE = YES;
				INFOPLIST_KEY_UIApplicationSceneManifest_Generation = YES;
				INFOPLIST_KEY_UIApplicationSupportsIndirectInputEvents = YES;
				INFOPLIST_KEY_UILaunchScreen_Generation = YES;
				INFOPLIST_KEY_UISupportedInterfaceOrientations_iPad = "UIInterfaceOrientationPortrait UIInterfaceOrientationPortraitUpsideDown UIInterfaceOrientationLandscapeLeft UIInterfaceOrientationLandscapeRight";
				INFOPLIST_KEY_UISupportedInterfaceOrientations_iPhone = "UIInterfaceOrientationPortrait UIInterfaceOrientationLandscapeLeft UIInterfaceOrientationLandscapeRight";
				LD_RUNPATH_SEARCH_PATHS = (
					"$(inherited)",
					"@executable_path/Frameworks",
				);
				MARKETING_VERSION = 1.0;
				PRODUCT_BUNDLE_IDENTIFIER = "KJ-Studios.theofficialefficioapp";
				PRODUCT_NAME = "$(TARGET_NAME)";
				SWIFT_EMIT_LOC_STRINGS = YES;
				SWIFT_VERSION = 5.0;
				TARGETED_DEVICE_FAMILY = "1,2";
			};
			name = Debug;
		};
		BABED6462C67A2F300482C6F /* Release */ = {
			isa = XCBuildConfiguration;
			buildSettings = {
				ASSETCATALOG_COMPILER_APPICON_NAME = AppIcon;
				ASSETCATALOG_COMPILER_GLOBAL_ACCENT_COLOR_NAME = AccentColor;
				CODE_SIGN_STYLE = Automatic;
				CURRENT_PROJECT_VERSION = 1;
				DEVELOPMENT_ASSET_PATHS = "\"theofficialefficioapp/Preview Content\"";
				ENABLE_PREVIEWS = YES;
				GENERATE_INFOPLIST_FILE = YES;
				INFOPLIST_KEY_UIApplicationSceneManifest_Generation = YES;
				INFOPLIST_KEY_UIApplicationSupportsIndirectInputEvents = YES;
				INFOPLIST_KEY_UILaunchScreen_Generation = YES;
				INFOPLIST_KEY_UISupportedInterfaceOrientations_iPad = "UIInterfaceOrientationPortrait UIInterfaceOrientationPortraitUpsideDown UIInterfaceOrientationLandscapeLeft UIInterfaceOrientationLandscapeRight";
				INFOPLIST_KEY_UISupportedInterfaceOrientations_iPhone = "UIInterfaceOrientationPortrait UIInterfaceOrientationLandscapeLeft UIInterfaceOrientationLandscapeRight";
				LD_RUNPATH_SEARCH_PATHS = (
					"$(inherited)",
					"@executable_path/Frameworks",
				);
				MARKETING_VERSION = 1.0;
				PRODUCT_BUNDLE_IDENTIFIER = "KJ-Studios.theofficialefficioapp";
				PRODUCT_NAME = "$(TARGET_NAME)";
				SWIFT_EMIT_LOC_STRINGS = YES;
				SWIFT_VERSION = 5.0;
				TARGETED_DEVICE_FAMILY = "1,2";
			};
			name = Release;
		};
		BABED6482C67A2F300482C6F /* Debug */ = {
			isa = XCBuildConfiguration;
			buildSettings = {
				ALWAYS_EMBED_SWIFT_STANDARD_LIBRARIES = YES;
				BUNDLE_LOADER = "$(TEST_HOST)";
				CODE_SIGN_STYLE = Automatic;
				CURRENT_PROJECT_VERSION = 1;
				GENERATE_INFOPLIST_FILE = YES;
				IPHONEOS_DEPLOYMENT_TARGET = 17.5;
				MARKETING_VERSION = 1.0;
				PRODUCT_BUNDLE_IDENTIFIER = "KJ-Studios.theofficialefficioappTests";
				PRODUCT_NAME = "$(TARGET_NAME)";
				SWIFT_EMIT_LOC_STRINGS = NO;
				SWIFT_VERSION = 5.0;
				TARGETED_DEVICE_FAMILY = "1,2";
				TEST_HOST = "$(BUILT_PRODUCTS_DIR)/theofficialefficioapp.app/$(BUNDLE_EXECUTABLE_FOLDER_PATH)/theofficialefficioapp";
			};
			name = Debug;
		};
		BABED6492C67A2F300482C6F /* Release */ = {
			isa = XCBuildConfiguration;
			buildSettings = {
				ALWAYS_EMBED_SWIFT_STANDARD_LIBRARIES = YES;
				BUNDLE_LOADER = "$(TEST_HOST)";
				CODE_SIGN_STYLE = Automatic;
				CURRENT_PROJECT_VERSION = 1;
				GENERATE_INFOPLIST_FILE = YES;
				IPHONEOS_DEPLOYMENT_TARGET = 17.5;
				MARKETING_VERSION = 1.0;
				PRODUCT_BUNDLE_IDENTIFIER = "KJ-Studios.theofficialefficioappTests";
				PRODUCT_NAME = "$(TARGET_NAME)";
				SWIFT_EMIT_LOC_STRINGS = NO;
				SWIFT_VERSION = 5.0;
				TARGETED_DEVICE_FAMILY = "1,2";
				TEST_HOST = "$(BUILT_PRODUCTS_DIR)/theofficialefficioapp.app/$(BUNDLE_EXECUTABLE_FOLDER_PATH)/theofficialefficioapp";
			};
			name = Release;
		};
		BABED64B2C67A2F300482C6F /* Debug */ = {
			isa = XCBuildConfiguration;
			buildSettings = {
				ALWAYS_EMBED_SWIFT_STANDARD_LIBRARIES = YES;
				CODE_SIGN_STYLE = Automatic;
				CURRENT_PROJECT_VERSION = 1;
				GENERATE_INFOPLIST_FILE = YES;
				MARKETING_VERSION = 1.0;
				PRODUCT_BUNDLE_IDENTIFIER = "KJ-Studios.theofficialefficioappUITests";
				PRODUCT_NAME = "$(TARGET_NAME)";
				SWIFT_EMIT_LOC_STRINGS = NO;
				SWIFT_VERSION = 5.0;
				TARGETED_DEVICE_FAMILY = "1,2";
				TEST_TARGET_NAME = theofficialefficioapp;
			};
			name = Debug;
		};
		BABED64C2C67A2F300482C6F /* Release */ = {
			isa = XCBuildConfiguration;
			buildSettings = {
				ALWAYS_EMBED_SWIFT_STANDARD_LIBRARIES = YES;
				CODE_SIGN_STYLE = Automatic;
				CURRENT_PROJECT_VERSION = 1;
				GENERATE_INFOPLIST_FILE = YES;
				MARKETING_VERSION = 1.0;
				PRODUCT_BUNDLE_IDENTIFIER = "KJ-Studios.theofficialefficioappUITests";
				PRODUCT_NAME = "$(TARGET_NAME)";
				SWIFT_EMIT_LOC_STRINGS = NO;
				SWIFT_VERSION = 5.0;
				TARGETED_DEVICE_FAMILY = "1,2";
				TEST_TARGET_NAME = theofficialefficioapp;
			};
			name = Release;
		};
/* End XCBuildConfiguration section */

/* Begin XCConfigurationList section */
		BABED61B2C67A2F000482C6F /* Build configuration list for PBXProject "theofficialefficioapp" */ = {
			isa = XCConfigurationList;
			buildConfigurations = (
				BABED6422C67A2F300482C6F /* Debug */,
				BABED6432C67A2F300482C6F /* Release */,
			);
			defaultConfigurationIsVisible = 0;
			defaultConfigurationName = Release;
		};
		BABED6442C67A2F300482C6F /* Build configuration list for PBXNativeTarget "theofficialefficioapp" */ = {
			isa = XCConfigurationList;
			buildConfigurations = (
				BABED6452C67A2F300482C6F /* Debug */,
				BABED6462C67A2F300482C6F /* Release */,
			);
			defaultConfigurationIsVisible = 0;
			defaultConfigurationName = Release;
		};
		BABED6472C67A2F300482C6F /* Build configuration list for PBXNativeTarget "theofficialefficioappTests" */ = {
			isa = XCConfigurationList;
			buildConfigurations = (
				BABED6482C67A2F300482C6F /* Debug */,
				BABED6492C67A2F300482C6F /* Release */,
			);
			defaultConfigurationIsVisible = 0;
			defaultConfigurationName = Release;
		};
		BABED64A2C67A2F300482C6F /* Build configuration list for PBXNativeTarget "theofficialefficioappUITests" */ = {
			isa = XCConfigurationList;
			buildConfigurations = (
				BABED64B2C67A2F300482C6F /* Debug */,
				BABED64C2C67A2F300482C6F /* Release */,
			);
			defaultConfigurationIsVisible = 0;
			defaultConfigurationName = Release;
		};
/* End XCConfigurationList section */
	};
	rootObject = BABED6182C67A2F000482C6F /* Project object */;
}
