// !$*UTF8*$!
{
	archiveVersion = 1;
	classes = {
	};
	objectVersion = 56;
	objects = {

/* Begin PBXBuildFile section */
		BABED6242C67A2F100482C6F /* theofficialefficioappApp.swift in Sources */ = {isa = PBXBuildFile; fileRef = BABED6232C67A2F100482C6F /* theofficialefficioappApp.swift */; };
		BABED6282C67A2F300482C6F /* Assets.xcassets in Resources */ = {isa = PBXBuildFile; fileRef = BABED6272C67A2F300482C6F /* Assets.xcassets */; };
		BABED62B2C67A2F300482C6F /* Preview Assets.xcassets in Resources */ = {isa = PBXBuildFile; fileRef = BABED62A2C67A2F300482C6F /* Preview Assets.xcassets */; };
		BABED6352C67A2F300482C6F /* theofficialefficioappTests.swift in Sources */ = {isa = PBXBuildFile; fileRef = BABED6342C67A2F300482C6F /* theofficialefficioappTests.swift */; };
		BABED63F2C67A2F300482C6F /* theofficialefficioappUITests.swift in Sources */ = {isa = PBXBuildFile; fileRef = BABED63E2C67A2F300482C6F /* theofficialefficioappUITests.swift */; };
		BABED6412C67A2F300482C6F /* theofficialefficioappUITestsLaunchTests.swift in Sources */ = {isa = PBXBuildFile; fileRef = BABED6402C67A2F300482C6F /* theofficialefficioappUITestsLaunchTests.swift */; };
		BABED64E2C67A32F00482C6F /* LogInView.swift in Sources */ = {isa = PBXBuildFile; fileRef = BABED64D2C67A32F00482C6F /* LogInView.swift */; };
		BABED6542C67A34C00482C6F /* SplashScreenView.swift in Sources */ = {isa = PBXBuildFile; fileRef = BABED6532C67A34B00482C6F /* SplashScreenView.swift */; };
		BABED65C2C68C8EF00482C6F /* SignUpView.swift in Sources */ = {isa = PBXBuildFile; fileRef = BABED65B2C68C8EF00482C6F /* SignUpView.swift */; };
		BABED65E2C68EC2600482C6F /* BottomNavBarView.swift in Sources */ = {isa = PBXBuildFile; fileRef = BABED65D2C68EC2600482C6F /* BottomNavBarView.swift */; };
		BABED6602C68EFC400482C6F /* HomeView.swift in Sources */ = {isa = PBXBuildFile; fileRef = BABED65F2C68EFC400482C6F /* HomeView.swift */; };
		BABED6622C68EFCA00482C6F /* ToDoView.swift in Sources */ = {isa = PBXBuildFile; fileRef = BABED6612C68EFCA00482C6F /* ToDoView.swift */; };
		BABED6642C68EFD400482C6F /* ProductivityView.swift in Sources */ = {isa = PBXBuildFile; fileRef = BABED6632C68EFD400482C6F /* ProductivityView.swift */; };
		BABED6662C68EFDF00482C6F /* CalendarView.swift in Sources */ = {isa = PBXBuildFile; fileRef = BABED6652C68EFDF00482C6F /* CalendarView.swift */; };
		BABED6682C68F1ED00482C6F /* LogInViewModel.swift in Sources */ = {isa = PBXBuildFile; fileRef = BABED6672C68F1ED00482C6F /* LogInViewModel.swift */; };
		BABED66B2C68F79E00482C6F /* FirebaseAuth in Frameworks */ = {isa = PBXBuildFile; productRef = BABED66A2C68F79E00482C6F /* FirebaseAuth */; };
		BABED66D2C68F79E00482C6F /* FirebaseFirestore in Frameworks */ = {isa = PBXBuildFile; productRef = BABED66C2C68F79E00482C6F /* FirebaseFirestore */; };
		BABED66F2C68F79E00482C6F /* FirebaseFirestoreCombine-Community in Frameworks */ = {isa = PBXBuildFile; productRef = BABED66E2C68F79E00482C6F /* FirebaseFirestoreCombine-Community */; };
		BABED6712C68F8D500482C6F /* GoogleService-Info.plist in Resources */ = {isa = PBXBuildFile; fileRef = BABED6702C68F8D500482C6F /* GoogleService-Info.plist */; };
		BABED6762C68FC2500482C6F /* SignUpViewModel.swift in Sources */ = {isa = PBXBuildFile; fileRef = BABED6752C68FC2500482C6F /* SignUpViewModel.swift */; };
		BABED6782C68FE4800482C6F /* User.swift in Sources */ = {isa = PBXBuildFile; fileRef = BABED6772C68FE4800482C6F /* User.swift */; };
		BABED67A2C68FF6F00482C6F /* Extensions.swift in Sources */ = {isa = PBXBuildFile; fileRef = BABED6792C68FF6F00482C6F /* Extensions.swift */; };
		BABED67C2C69021700482C6F /* MainView.swift in Sources */ = {isa = PBXBuildFile; fileRef = BABED67B2C69021700482C6F /* MainView.swift */; };
		BABED67E2C69022C00482C6F /* MainViewModel.swift in Sources */ = {isa = PBXBuildFile; fileRef = BABED67D2C69022C00482C6F /* MainViewModel.swift */; };
		BABED6832C69320600482C6F /* ToDoViewModel.swift in Sources */ = {isa = PBXBuildFile; fileRef = BABED6822C69320600482C6F /* ToDoViewModel.swift */; };
		BABED6872C69326200482C6F /* ToDoListItemView.swift in Sources */ = {isa = PBXBuildFile; fileRef = BABED6862C69326200482C6F /* ToDoListItemView.swift */; };
		BABED68B2C6932AB00482C6F /* ToDoListItemViewModel.swift in Sources */ = {isa = PBXBuildFile; fileRef = BABED68A2C6932AB00482C6F /* ToDoListItemViewModel.swift */; };
		BABED68D2C69333100482C6F /* HomeViewModel.swift in Sources */ = {isa = PBXBuildFile; fileRef = BABED68C2C69333100482C6F /* HomeViewModel.swift */; };
		BABED68F2C69352D00482C6F /* NewItemView.swift in Sources */ = {isa = PBXBuildFile; fileRef = BABED68E2C69352D00482C6F /* NewItemView.swift */; };
		BABED6912C69357B00482C6F /* NewItemViewModel.swift in Sources */ = {isa = PBXBuildFile; fileRef = BABED6902C69357B00482C6F /* NewItemViewModel.swift */; };
		BABED6942C6945C600482C6F /* ToDoListItem.swift in Sources */ = {isa = PBXBuildFile; fileRef = BABED6932C6945C600482C6F /* ToDoListItem.swift */; };
		BAEDA6562C6AA147004F13B2 /* ProfileViewModel.swift in Sources */ = {isa = PBXBuildFile; fileRef = BAEDA6552C6AA147004F13B2 /* ProfileViewModel.swift */; };
/* End PBXBuildFile section */

/* Begin PBXContainerItemProxy section */
		BABED6312C67A2F300482C6F /* PBXContainerItemProxy */ = {
			isa = PBXContainerItemProxy;
			containerPortal = BABED6182C67A2F000482C6F /* Project object */;
			proxyType = 1;
			remoteGlobalIDString = BABED61F2C67A2F000482C6F;
			remoteInfo = theofficialefficioapp;
		};
		BABED63B2C67A2F300482C6F /* PBXContainerItemProxy */ = {
			isa = PBXContainerItemProxy;
			containerPortal = BABED6182C67A2F000482C6F /* Project object */;
			proxyType = 1;
			remoteGlobalIDString = BABED61F2C67A2F000482C6F;
			remoteInfo = theofficialefficioapp;
		};
/* End PBXContainerItemProxy section */

/* Begin PBXFileReference section */
		BABED6202C67A2F000482C6F /* theofficialefficioapp.app */ = {isa = PBXFileReference; explicitFileType = wrapper.application; includeInIndex = 0; path = theofficialefficioapp.app; sourceTree = BUILT_PRODUCTS_DIR; };
		BABED6232C67A2F100482C6F /* theofficialefficioappApp.swift */ = {isa = PBXFileReference; lastKnownFileType = sourcecode.swift; path = theofficialefficioappApp.swift; sourceTree = "<group>"; };
		BABED6272C67A2F300482C6F /* Assets.xcassets */ = {isa = PBXFileReference; lastKnownFileType = folder.assetcatalog; path = Assets.xcassets; sourceTree = "<group>"; };
		BABED62A2C67A2F300482C6F /* Preview Assets.xcassets */ = {isa = PBXFileReference; lastKnownFileType = folder.assetcatalog; path = "Preview Assets.xcassets"; sourceTree = "<group>"; };
		BABED6302C67A2F300482C6F /* theofficialefficioappTests.xctest */ = {isa = PBXFileReference; explicitFileType = wrapper.cfbundle; includeInIndex = 0; path = theofficialefficioappTests.xctest; sourceTree = BUILT_PRODUCTS_DIR; };
		BABED6342C67A2F300482C6F /* theofficialefficioappTests.swift */ = {isa = PBXFileReference; lastKnownFileType = sourcecode.swift; path = theofficialefficioappTests.swift; sourceTree = "<group>"; };
		BABED63A2C67A2F300482C6F /* theofficialefficioappUITests.xctest */ = {isa = PBXFileReference; explicitFileType = wrapper.cfbundle; includeInIndex = 0; path = theofficialefficioappUITests.xctest; sourceTree = BUILT_PRODUCTS_DIR; };
		BABED63E2C67A2F300482C6F /* theofficialefficioappUITests.swift */ = {isa = PBXFileReference; lastKnownFileType = sourcecode.swift; path = theofficialefficioappUITests.swift; sourceTree = "<group>"; };
		BABED6402C67A2F300482C6F /* theofficialefficioappUITestsLaunchTests.swift */ = {isa = PBXFileReference; lastKnownFileType = sourcecode.swift; path = theofficialefficioappUITestsLaunchTests.swift; sourceTree = "<group>"; };
		BABED64D2C67A32F00482C6F /* LogInView.swift */ = {isa = PBXFileReference; lastKnownFileType = sourcecode.swift; path = LogInView.swift; sourceTree = "<group>"; };
		BABED6532C67A34B00482C6F /* SplashScreenView.swift */ = {isa = PBXFileReference; lastKnownFileType = sourcecode.swift; path = SplashScreenView.swift; sourceTree = "<group>"; };
		BABED65B2C68C8EF00482C6F /* SignUpView.swift */ = {isa = PBXFileReference; lastKnownFileType = sourcecode.swift; path = SignUpView.swift; sourceTree = "<group>"; };
		BABED65D2C68EC2600482C6F /* BottomNavBarView.swift */ = {isa = PBXFileReference; lastKnownFileType = sourcecode.swift; path = BottomNavBarView.swift; sourceTree = "<group>"; };
		BABED65F2C68EFC400482C6F /* HomeView.swift */ = {isa = PBXFileReference; lastKnownFileType = sourcecode.swift; path = HomeView.swift; sourceTree = "<group>"; };
		BABED6612C68EFCA00482C6F /* ToDoView.swift */ = {isa = PBXFileReference; lastKnownFileType = sourcecode.swift; path = ToDoView.swift; sourceTree = "<group>"; };
		BABED6632C68EFD400482C6F /* ProductivityView.swift */ = {isa = PBXFileReference; lastKnownFileType = sourcecode.swift; path = ProductivityView.swift; sourceTree = "<group>"; };
		BABED6652C68EFDF00482C6F /* CalendarView.swift */ = {isa = PBXFileReference; lastKnownFileType = sourcecode.swift; path = CalendarView.swift; sourceTree = "<group>"; };
		BABED6672C68F1ED00482C6F /* LogInViewModel.swift */ = {isa = PBXFileReference; lastKnownFileType = sourcecode.swift; path = LogInViewModel.swift; sourceTree = "<group>"; };
		BABED6702C68F8D500482C6F /* GoogleService-Info.plist */ = {isa = PBXFileReference; fileEncoding = 4; lastKnownFileType = text.plist.xml; path = "GoogleService-Info.plist"; sourceTree = "<group>"; };
		BABED6752C68FC2500482C6F /* SignUpViewModel.swift */ = {isa = PBXFileReference; lastKnownFileType = sourcecode.swift; path = SignUpViewModel.swift; sourceTree = "<group>"; };
		BABED6772C68FE4800482C6F /* User.swift */ = {isa = PBXFileReference; lastKnownFileType = sourcecode.swift; path = User.swift; sourceTree = "<group>"; };
		BABED6792C68FF6F00482C6F /* Extensions.swift */ = {isa = PBXFileReference; lastKnownFileType = sourcecode.swift; path = Extensions.swift; sourceTree = "<group>"; };
		BABED67B2C69021700482C6F /* MainView.swift */ = {isa = PBXFileReference; lastKnownFileType = sourcecode.swift; path = MainView.swift; sourceTree = "<group>"; };
		BABED67D2C69022C00482C6F /* MainViewModel.swift */ = {isa = PBXFileReference; lastKnownFileType = sourcecode.swift; path = MainViewModel.swift; sourceTree = "<group>"; };
		BABED6822C69320600482C6F /* ToDoViewModel.swift */ = {isa = PBXFileReference; lastKnownFileType = sourcecode.swift; path = ToDoViewModel.swift; sourceTree = "<group>"; };
		BABED6862C69326200482C6F /* ToDoListItemView.swift */ = {isa = PBXFileReference; lastKnownFileType = sourcecode.swift; path = ToDoListItemView.swift; sourceTree = "<group>"; };
		BABED68A2C6932AB00482C6F /* ToDoListItemViewModel.swift */ = {isa = PBXFileReference; lastKnownFileType = sourcecode.swift; path = ToDoListItemViewModel.swift; sourceTree = "<group>"; };
		BABED68C2C69333100482C6F /* HomeViewModel.swift */ = {isa = PBXFileReference; lastKnownFileType = sourcecode.swift; path = HomeViewModel.swift; sourceTree = "<group>"; };
		BABED68E2C69352D00482C6F /* NewItemView.swift */ = {isa = PBXFileReference; lastKnownFileType = sourcecode.swift; path = NewItemView.swift; sourceTree = "<group>"; };
		BABED6902C69357B00482C6F /* NewItemViewModel.swift */ = {isa = PBXFileReference; lastKnownFileType = sourcecode.swift; path = NewItemViewModel.swift; sourceTree = "<group>"; };
		BABED6932C6945C600482C6F /* ToDoListItem.swift */ = {isa = PBXFileReference; lastKnownFileType = sourcecode.swift; path = ToDoListItem.swift; sourceTree = "<group>"; };
		BAEDA6552C6AA147004F13B2 /* ProfileViewModel.swift */ = {isa = PBXFileReference; lastKnownFileType = sourcecode.swift; path = ProfileViewModel.swift; sourceTree = "<group>"; };
/* End PBXFileReference section */

/* Begin PBXFrameworksBuildPhase section */
		BABED61D2C67A2F000482C6F /* Frameworks */ = {
			isa = PBXFrameworksBuildPhase;
			buildActionMask = 2147483647;
			files = (
				BABED66F2C68F79E00482C6F /* FirebaseFirestoreCombine-Community in Frameworks */,
				BABED66B2C68F79E00482C6F /* FirebaseAuth in Frameworks */,
				BABED66D2C68F79E00482C6F /* FirebaseFirestore in Frameworks */,
			);
			runOnlyForDeploymentPostprocessing = 0;
		};
		BABED62D2C67A2F300482C6F /* Frameworks */ = {
			isa = PBXFrameworksBuildPhase;
			buildActionMask = 2147483647;
			files = (
			);
			runOnlyForDeploymentPostprocessing = 0;
		};
		BABED6372C67A2F300482C6F /* Frameworks */ = {
			isa = PBXFrameworksBuildPhase;
			buildActionMask = 2147483647;
			files = (
			);
			runOnlyForDeploymentPostprocessing = 0;
		};
/* End PBXFrameworksBuildPhase section */

/* Begin PBXGroup section */
		BABED6172C67A2F000482C6F = {
			isa = PBXGroup;
			children = (
				BABED6222C67A2F100482C6F /* theofficialefficioapp */,
				BABED6332C67A2F300482C6F /* theofficialefficioappTests */,
				BABED63D2C67A2F300482C6F /* theofficialefficioappUITests */,
				BABED6212C67A2F000482C6F /* Products */,
			);
			sourceTree = "<group>";
		};
		BABED6212C67A2F000482C6F /* Products */ = {
			isa = PBXGroup;
			children = (
				BABED6202C67A2F000482C6F /* theofficialefficioapp.app */,
				BABED6302C67A2F300482C6F /* theofficialefficioappTests.xctest */,
				BABED63A2C67A2F300482C6F /* theofficialefficioappUITests.xctest */,
			);
			name = Products;
			sourceTree = "<group>";
		};
		BABED6222C67A2F100482C6F /* theofficialefficioapp */ = {
			isa = PBXGroup;
			children = (
				BABED6702C68F8D500482C6F /* GoogleService-Info.plist */,
				BABED6232C67A2F100482C6F /* theofficialefficioappApp.swift */,
				BABED6792C68FF6F00482C6F /* Extensions.swift */,
				BABED6772C68FE4800482C6F /* User.swift */,
				BABED6952C694E5F00482C6F /* Views */,
				BABED6272C67A2F300482C6F /* Assets.xcassets */,
				BABED6292C67A2F300482C6F /* Preview Content */,
			);
			path = theofficialefficioapp;
			sourceTree = "<group>";
		};
		BABED6292C67A2F300482C6F /* Preview Content */ = {
			isa = PBXGroup;
			children = (
				BABED62A2C67A2F300482C6F /* Preview Assets.xcassets */,
			);
			path = "Preview Content";
			sourceTree = "<group>";
		};
		BABED6332C67A2F300482C6F /* theofficialefficioappTests */ = {
			isa = PBXGroup;
			children = (
				BABED6342C67A2F300482C6F /* theofficialefficioappTests.swift */,
			);
			path = theofficialefficioappTests;
			sourceTree = "<group>";
		};
		BABED63D2C67A2F300482C6F /* theofficialefficioappUITests */ = {
			isa = PBXGroup;
			children = (
				BABED63E2C67A2F300482C6F /* theofficialefficioappUITests.swift */,
				BABED6402C67A2F300482C6F /* theofficialefficioappUITestsLaunchTests.swift */,
			);
			path = theofficialefficioappUITests;
			sourceTree = "<group>";
		};
		BABED6922C693CB700482C6F /* ViewModels */ = {
			isa = PBXGroup;
			children = (
				BABED67D2C69022C00482C6F /* MainViewModel.swift */,
				BABED6752C68FC2500482C6F /* SignUpViewModel.swift */,
				BABED6672C68F1ED00482C6F /* LogInViewModel.swift */,
				BABED68A2C6932AB00482C6F /* ToDoListItemViewModel.swift */,
				BABED6822C69320600482C6F /* ToDoViewModel.swift */,
				BABED68C2C69333100482C6F /* HomeViewModel.swift */,
				BABED6902C69357B00482C6F /* NewItemViewModel.swift */,
			);
			path = ViewModels;
			sourceTree = "<group>";
		};
		BABED6952C694E5F00482C6F /* Views */ = {
			isa = PBXGroup;
			children = (
				BABED6862C69326200482C6F /* ToDoListItemView.swift */,
				BABED67B2C69021700482C6F /* MainView.swift */,
				BABED6612C68EFCA00482C6F /* ToDoView.swift */,
				BABED6632C68EFD400482C6F /* ProductivityView.swift */,
				BABED68E2C69352D00482C6F /* NewItemView.swift */,
				BABED6652C68EFDF00482C6F /* CalendarView.swift */,
				BABED65D2C68EC2600482C6F /* BottomNavBarView.swift */,
				BABED65F2C68EFC400482C6F /* HomeView.swift */,
				BABED65B2C68C8EF00482C6F /* SignUpView.swift */,
				BABED64D2C67A32F00482C6F /* LogInView.swift */,
				BABED6532C67A34B00482C6F /* SplashScreenView.swift */,
				BABED6932C6945C600482C6F /* ToDoListItem.swift */,
				BAEDA6552C6AA147004F13B2 /* ProfileViewModel.swift */,
				BABED6922C693CB700482C6F /* ViewModels */,
			);
			path = Views;
			sourceTree = "<group>";
		};
/* End PBXGroup section */

/* Begin PBXNativeTarget section */
		BABED61F2C67A2F000482C6F /* theofficialefficioapp */ = {
			isa = PBXNativeTarget;
			buildConfigurationList = BABED6442C67A2F300482C6F /* Build configuration list for PBXNativeTarget "theofficialefficioapp" */;
			buildPhases = (
				BABED61C2C67A2F000482C6F /* Sources */,
				BABED61D2C67A2F000482C6F /* Frameworks */,
				BABED61E2C67A2F000482C6F /* Resources */,
			);
			buildRules = (
			);
			dependencies = (
			);
			name = theofficialefficioapp;
			packageProductDependencies = (
				BABED66A2C68F79E00482C6F /* FirebaseAuth */,
				BABED66C2C68F79E00482C6F /* FirebaseFirestore */,
				BABED66E2C68F79E00482C6F /* FirebaseFirestoreCombine-Community */,
			);
			productName = theofficialefficioapp;
			productReference = BABED6202C67A2F000482C6F /* theofficialefficioapp.app */;
			productType = "com.apple.product-type.application";
		};
		BABED62F2C67A2F300482C6F /* theofficialefficioappTests */ = {
			isa = PBXNativeTarget;
			buildConfigurationList = BABED6472C67A2F300482C6F /* Build configuration list for PBXNativeTarget "theofficialefficioappTests" */;
			buildPhases = (
				BABED62C2C67A2F300482C6F /* Sources */,
				BABED62D2C67A2F300482C6F /* Frameworks */,
				BABED62E2C67A2F300482C6F /* Resources */,
			);
			buildRules = (
			);
			dependencies = (
				BABED6322C67A2F300482C6F /* PBXTargetDependency */,
			);
			name = theofficialefficioappTests;
			productName = theofficialefficioappTests;
			productReference = BABED6302C67A2F300482C6F /* theofficialefficioappTests.xctest */;
			productType = "com.apple.product-type.bundle.unit-test";
		};
		BABED6392C67A2F300482C6F /* theofficialefficioappUITests */ = {
			isa = PBXNativeTarget;
			buildConfigurationList = BABED64A2C67A2F300482C6F /* Build configuration list for PBXNativeTarget "theofficialefficioappUITests" */;
			buildPhases = (
				BABED6362C67A2F300482C6F /* Sources */,
				BABED6372C67A2F300482C6F /* Frameworks */,
				BABED6382C67A2F300482C6F /* Resources */,
			);
			buildRules = (
			);
			dependencies = (
				BABED63C2C67A2F300482C6F /* PBXTargetDependency */,
			);
			name = theofficialefficioappUITests;
			productName = theofficialefficioappUITests;
			productReference = BABED63A2C67A2F300482C6F /* theofficialefficioappUITests.xctest */;
			productType = "com.apple.product-type.bundle.ui-testing";
		};
/* End PBXNativeTarget section */

/* Begin PBXProject section */
		BABED6182C67A2F000482C6F /* Project object */ = {
			isa = PBXProject;
			attributes = {
				BuildIndependentTargetsInParallel = 1;
				LastSwiftUpdateCheck = 1540;
				LastUpgradeCheck = 1540;
				TargetAttributes = {
					BABED61F2C67A2F000482C6F = {
						CreatedOnToolsVersion = 15.4;
					};
					BABED62F2C67A2F300482C6F = {
						CreatedOnToolsVersion = 15.4;
						TestTargetID = BABED61F2C67A2F000482C6F;
					};
					BABED6392C67A2F300482C6F = {
						CreatedOnToolsVersion = 15.4;
						TestTargetID = BABED61F2C67A2F000482C6F;
					};
				};
			};
			buildConfigurationList = BABED61B2C67A2F000482C6F /* Build configuration list for PBXProject "theofficialefficioapp" */;
			compatibilityVersion = "Xcode 14.0";
			developmentRegion = en;
			hasScannedForEncodings = 0;
			knownRegions = (
				en,
				Base,
			);
			mainGroup = BABED6172C67A2F000482C6F;
			packageReferences = (
				BABED6692C68F79E00482C6F /* XCRemoteSwiftPackageReference "firebase-ios-sdk" */,
			);
			productRefGroup = BABED6212C67A2F000482C6F /* Products */;
			projectDirPath = "";
			projectRoot = "";
			targets = (
				BABED61F2C67A2F000482C6F /* theofficialefficioapp */,
				BABED62F2C67A2F300482C6F /* theofficialefficioappTests */,
				BABED6392C67A2F300482C6F /* theofficialefficioappUITests */,
			);
		};
/* End PBXProject section */

/* Begin PBXResourcesBuildPhase section */
		BABED61E2C67A2F000482C6F /* Resources */ = {
			isa = PBXResourcesBuildPhase;
			buildActionMask = 2147483647;
			files = (
				BABED62B2C67A2F300482C6F /* Preview Assets.xcassets in Resources */,
				BABED6712C68F8D500482C6F /* GoogleService-Info.plist in Resources */,
				BABED6282C67A2F300482C6F /* Assets.xcassets in Resources */,
			);
			runOnlyForDeploymentPostprocessing = 0;
		};
		BABED62E2C67A2F300482C6F /* Resources */ = {
			isa = PBXResourcesBuildPhase;
			buildActionMask = 2147483647;
			files = (
			);
			runOnlyForDeploymentPostprocessing = 0;
		};
		BABED6382C67A2F300482C6F /* Resources */ = {
			isa = PBXResourcesBuildPhase;
			buildActionMask = 2147483647;
			files = (
			);
			runOnlyForDeploymentPostprocessing = 0;
		};
/* End PBXResourcesBuildPhase section */

/* Begin PBXSourcesBuildPhase section */
		BABED61C2C67A2F000482C6F /* Sources */ = {
			isa = PBXSourcesBuildPhase;
			buildActionMask = 2147483647;
			files = (
				BABED6942C6945C600482C6F /* ToDoListItem.swift in Sources */,
				BABED68D2C69333100482C6F /* HomeViewModel.swift in Sources */,
				BABED6832C69320600482C6F /* ToDoViewModel.swift in Sources */,
				BABED65E2C68EC2600482C6F /* BottomNavBarView.swift in Sources */,
				BABED6872C69326200482C6F /* ToDoListItemView.swift in Sources */,
				BABED68F2C69352D00482C6F /* NewItemView.swift in Sources */,
				BABED67C2C69021700482C6F /* MainView.swift in Sources */,
				BABED65C2C68C8EF00482C6F /* SignUpView.swift in Sources */,
				BABED6642C68EFD400482C6F /* ProductivityView.swift in Sources */,
				BABED6912C69357B00482C6F /* NewItemViewModel.swift in Sources */,
				BABED6542C67A34C00482C6F /* SplashScreenView.swift in Sources */,
				BABED67E2C69022C00482C6F /* MainViewModel.swift in Sources */,
				BABED6602C68EFC400482C6F /* HomeView.swift in Sources */,
				BABED6662C68EFDF00482C6F /* CalendarView.swift in Sources */,
				BABED6682C68F1ED00482C6F /* LogInViewModel.swift in Sources */,
				BAEDA6562C6AA147004F13B2 /* ProfileViewModel.swift in Sources */,
				BABED6622C68EFCA00482C6F /* ToDoView.swift in Sources */,
				BABED67A2C68FF6F00482C6F /* Extensions.swift in Sources */,
				BABED68B2C6932AB00482C6F /* ToDoListItemViewModel.swift in Sources */,
				BABED6782C68FE4800482C6F /* User.swift in Sources */,
				BABED64E2C67A32F00482C6F /* LogInView.swift in Sources */,
				BABED6762C68FC2500482C6F /* SignUpViewModel.swift in Sources */,
				BABED6242C67A2F100482C6F /* theofficialefficioappApp.swift in Sources */,
			);
			runOnlyForDeploymentPostprocessing = 0;
		};
		BABED62C2C67A2F300482C6F /* Sources */ = {
			isa = PBXSourcesBuildPhase;
			buildActionMask = 2147483647;
			files = (
				BABED6352C67A2F300482C6F /* theofficialefficioappTests.swift in Sources */,
			);
			runOnlyForDeploymentPostprocessing = 0;
		};
		BABED6362C67A2F300482C6F /* Sources */ = {
			isa = PBXSourcesBuildPhase;
			buildActionMask = 2147483647;
			files = (
				BABED63F2C67A2F300482C6F /* theofficialefficioappUITests.swift in Sources */,
				BABED6412C67A2F300482C6F /* theofficialefficioappUITestsLaunchTests.swift in Sources */,
			);
			runOnlyForDeploymentPostprocessing = 0;
		};
/* End PBXSourcesBuildPhase section */

/* Begin PBXTargetDependency section */
		BABED6322C67A2F300482C6F /* PBXTargetDependency */ = {
			isa = PBXTargetDependency;
			target = BABED61F2C67A2F000482C6F /* theofficialefficioapp */;
			targetProxy = BABED6312C67A2F300482C6F /* PBXContainerItemProxy */;
		};
		BABED63C2C67A2F300482C6F /* PBXTargetDependency */ = {
			isa = PBXTargetDependency;
			target = BABED61F2C67A2F000482C6F /* theofficialefficioapp */;
			targetProxy = BABED63B2C67A2F300482C6F /* PBXContainerItemProxy */;
		};
/* End PBXTargetDependency section */

/* Begin XCBuildConfiguration section */
		BABED6422C67A2F300482C6F /* Debug */ = {
			isa = XCBuildConfiguration;
			buildSettings = {
				ALWAYS_SEARCH_USER_PATHS = NO;
				ASSETCATALOG_COMPILER_GENERATE_SWIFT_ASSET_SYMBOL_EXTENSIONS = YES;
				CLANG_ANALYZER_NONNULL = YES;
				CLANG_ANALYZER_NUMBER_OBJECT_CONVERSION = YES_AGGRESSIVE;
				CLANG_CXX_LANGUAGE_STANDARD = "gnu++20";
				CLANG_ENABLE_MODULES = YES;
				CLANG_ENABLE_OBJC_ARC = YES;
				CLANG_ENABLE_OBJC_WEAK = YES;
				CLANG_WARN_BLOCK_CAPTURE_AUTORELEASING = YES;
				CLANG_WARN_BOOL_CONVERSION = YES;
				CLANG_WARN_COMMA = YES;
				CLANG_WARN_CONSTANT_CONVERSION = YES;
				CLANG_WARN_DEPRECATED_OBJC_IMPLEMENTATIONS = YES;
				CLANG_WARN_DIRECT_OBJC_ISA_USAGE = YES_ERROR;
				CLANG_WARN_DOCUMENTATION_COMMENTS = YES;
				CLANG_WARN_EMPTY_BODY = YES;
				CLANG_WARN_ENUM_CONVERSION = YES;
				CLANG_WARN_INFINITE_RECURSION = YES;
				CLANG_WARN_INT_CONVERSION = YES;
				CLANG_WARN_NON_LITERAL_NULL_CONVERSION = YES;
				CLANG_WARN_OBJC_IMPLICIT_RETAIN_SELF = YES;
				CLANG_WARN_OBJC_LITERAL_CONVERSION = YES;
				CLANG_WARN_OBJC_ROOT_CLASS = YES_ERROR;
				CLANG_WARN_QUOTED_INCLUDE_IN_FRAMEWORK_HEADER = YES;
				CLANG_WARN_RANGE_LOOP_ANALYSIS = YES;
				CLANG_WARN_STRICT_PROTOTYPES = YES;
				CLANG_WARN_SUSPICIOUS_MOVE = YES;
				CLANG_WARN_UNGUARDED_AVAILABILITY = YES_AGGRESSIVE;
				CLANG_WARN_UNREACHABLE_CODE = YES;
				CLANG_WARN__DUPLICATE_METHOD_MATCH = YES;
				COPY_PHASE_STRIP = NO;
				DEBUG_INFORMATION_FORMAT = dwarf;
				ENABLE_STRICT_OBJC_MSGSEND = YES;
				ENABLE_TESTABILITY = YES;
				ENABLE_USER_SCRIPT_SANDBOXING = YES;
				GCC_C_LANGUAGE_STANDARD = gnu17;
				GCC_DYNAMIC_NO_PIC = NO;
				GCC_NO_COMMON_BLOCKS = YES;
				GCC_OPTIMIZATION_LEVEL = 0;
				GCC_PREPROCESSOR_DEFINITIONS = (
					"DEBUG=1",
					"$(inherited)",
				);
				GCC_WARN_64_TO_32_BIT_CONVERSION = YES;
				GCC_WARN_ABOUT_RETURN_TYPE = YES_ERROR;
				GCC_WARN_UNDECLARED_SELECTOR = YES;
				GCC_WARN_UNINITIALIZED_AUTOS = YES_AGGRESSIVE;
				GCC_WARN_UNUSED_FUNCTION = YES;
				GCC_WARN_UNUSED_VARIABLE = YES;
				IPHONEOS_DEPLOYMENT_TARGET = 17.5;
				LOCALIZATION_PREFERS_STRING_CATALOGS = YES;
				MTL_ENABLE_DEBUG_INFO = INCLUDE_SOURCE;
				MTL_FAST_MATH = YES;
				ONLY_ACTIVE_ARCH = YES;
				SDKROOT = iphoneos;
				SWIFT_ACTIVE_COMPILATION_CONDITIONS = "DEBUG $(inherited)";
				SWIFT_OPTIMIZATION_LEVEL = "-Onone";
			};
			name = Debug;
		};
		BABED6432C67A2F300482C6F /* Release */ = {
			isa = XCBuildConfiguration;
			buildSettings = {
				ALWAYS_SEARCH_USER_PATHS = NO;
				ASSETCATALOG_COMPILER_GENERATE_SWIFT_ASSET_SYMBOL_EXTENSIONS = YES;
				CLANG_ANALYZER_NONNULL = YES;
				CLANG_ANALYZER_NUMBER_OBJECT_CONVERSION = YES_AGGRESSIVE;
				CLANG_CXX_LANGUAGE_STANDARD = "gnu++20";
				CLANG_ENABLE_MODULES = YES;
				CLANG_ENABLE_OBJC_ARC = YES;
				CLANG_ENABLE_OBJC_WEAK = YES;
				CLANG_WARN_BLOCK_CAPTURE_AUTORELEASING = YES;
				CLANG_WARN_BOOL_CONVERSION = YES;
				CLANG_WARN_COMMA = YES;
				CLANG_WARN_CONSTANT_CONVERSION = YES;
				CLANG_WARN_DEPRECATED_OBJC_IMPLEMENTATIONS = YES;
				CLANG_WARN_DIRECT_OBJC_ISA_USAGE = YES_ERROR;
				CLANG_WARN_DOCUMENTATION_COMMENTS = YES;
				CLANG_WARN_EMPTY_BODY = YES;
				CLANG_WARN_ENUM_CONVERSION = YES;
				CLANG_WARN_INFINITE_RECURSION = YES;
				CLANG_WARN_INT_CONVERSION = YES;
				CLANG_WARN_NON_LITERAL_NULL_CONVERSION = YES;
				CLANG_WARN_OBJC_IMPLICIT_RETAIN_SELF = YES;
				CLANG_WARN_OBJC_LITERAL_CONVERSION = YES;
				CLANG_WARN_OBJC_ROOT_CLASS = YES_ERROR;
				CLANG_WARN_QUOTED_INCLUDE_IN_FRAMEWORK_HEADER = YES;
				CLANG_WARN_RANGE_LOOP_ANALYSIS = YES;
				CLANG_WARN_STRICT_PROTOTYPES = YES;
				CLANG_WARN_SUSPICIOUS_MOVE = YES;
				CLANG_WARN_UNGUARDED_AVAILABILITY = YES_AGGRESSIVE;
				CLANG_WARN_UNREACHABLE_CODE = YES;
				CLANG_WARN__DUPLICATE_METHOD_MATCH = YES;
				COPY_PHASE_STRIP = NO;
				DEBUG_INFORMATION_FORMAT = "dwarf-with-dsym";
				ENABLE_NS_ASSERTIONS = NO;
				ENABLE_STRICT_OBJC_MSGSEND = YES;
				ENABLE_USER_SCRIPT_SANDBOXING = YES;
				GCC_C_LANGUAGE_STANDARD = gnu17;
				GCC_NO_COMMON_BLOCKS = YES;
				GCC_WARN_64_TO_32_BIT_CONVERSION = YES;
				GCC_WARN_ABOUT_RETURN_TYPE = YES_ERROR;
				GCC_WARN_UNDECLARED_SELECTOR = YES;
				GCC_WARN_UNINITIALIZED_AUTOS = YES_AGGRESSIVE;
				GCC_WARN_UNUSED_FUNCTION = YES;
				GCC_WARN_UNUSED_VARIABLE = YES;
				IPHONEOS_DEPLOYMENT_TARGET = 17.5;
				LOCALIZATION_PREFERS_STRING_CATALOGS = YES;
				MTL_ENABLE_DEBUG_INFO = NO;
				MTL_FAST_MATH = YES;
				SDKROOT = iphoneos;
				SWIFT_COMPILATION_MODE = wholemodule;
				VALIDATE_PRODUCT = YES;
			};
			name = Release;
		};
		BABED6452C67A2F300482C6F /* Debug */ = {
			isa = XCBuildConfiguration;
			buildSettings = {
				ASSETCATALOG_COMPILER_APPICON_NAME = AppIcon;
				ASSETCATALOG_COMPILER_GLOBAL_ACCENT_COLOR_NAME = AccentColor;
				CODE_SIGN_STYLE = Automatic;
				CURRENT_PROJECT_VERSION = 1;
				DEVELOPMENT_ASSET_PATHS = "\"theofficialefficioapp/Preview Content\"";
				ENABLE_PREVIEWS = YES;
				GENERATE_INFOPLIST_FILE = YES;
				INFOPLIST_KEY_UIApplicationSceneManifest_Generation = YES;
				INFOPLIST_KEY_UIApplicationSupportsIndirectInputEvents = YES;
				INFOPLIST_KEY_UILaunchScreen_Generation = YES;
				INFOPLIST_KEY_UISupportedInterfaceOrientations = UIInterfaceOrientationPortrait;
				LD_RUNPATH_SEARCH_PATHS = (
					"$(inherited)",
					"@executable_path/Frameworks",
				);
				MARKETING_VERSION = 1.0;
				PRODUCT_BUNDLE_IDENTIFIER = "KJ-Studios.theofficialefficioapp";
				PRODUCT_NAME = "$(TARGET_NAME)";
				SWIFT_EMIT_LOC_STRINGS = YES;
				SWIFT_VERSION = 5.0;
				TARGETED_DEVICE_FAMILY = "1,2";
			};
			name = Debug;
		};
		BABED6462C67A2F300482C6F /* Release */ = {
			isa = XCBuildConfiguration;
			buildSettings = {
				ASSETCATALOG_COMPILER_APPICON_NAME = AppIcon;
				ASSETCATALOG_COMPILER_GLOBAL_ACCENT_COLOR_NAME = AccentColor;
				CODE_SIGN_STYLE = Automatic;
				CURRENT_PROJECT_VERSION = 1;
				DEVELOPMENT_ASSET_PATHS = "\"theofficialefficioapp/Preview Content\"";
				ENABLE_PREVIEWS = YES;
				GENERATE_INFOPLIST_FILE = YES;
				INFOPLIST_KEY_UIApplicationSceneManifest_Generation = YES;
				INFOPLIST_KEY_UIApplicationSupportsIndirectInputEvents = YES;
				INFOPLIST_KEY_UILaunchScreen_Generation = YES;
				INFOPLIST_KEY_UISupportedInterfaceOrientations = UIInterfaceOrientationPortrait;
				LD_RUNPATH_SEARCH_PATHS = (
					"$(inherited)",
					"@executable_path/Frameworks",
				);
				MARKETING_VERSION = 1.0;
				PRODUCT_BUNDLE_IDENTIFIER = "KJ-Studios.theofficialefficioapp";
				PRODUCT_NAME = "$(TARGET_NAME)";
				SWIFT_EMIT_LOC_STRINGS = YES;
				SWIFT_VERSION = 5.0;
				TARGETED_DEVICE_FAMILY = "1,2";
			};
			name = Release;
		};
		BABED6482C67A2F300482C6F /* Debug */ = {
			isa = XCBuildConfiguration;
			buildSettings = {
				ALWAYS_EMBED_SWIFT_STANDARD_LIBRARIES = YES;
				BUNDLE_LOADER = "$(TEST_HOST)";
				CODE_SIGN_STYLE = Automatic;
				CURRENT_PROJECT_VERSION = 1;
				GENERATE_INFOPLIST_FILE = YES;
				IPHONEOS_DEPLOYMENT_TARGET = 17.5;
				MARKETING_VERSION = 1.0;
				PRODUCT_BUNDLE_IDENTIFIER = "KJ-Studios.theofficialefficioappTests";
				PRODUCT_NAME = "$(TARGET_NAME)";
				SWIFT_EMIT_LOC_STRINGS = NO;
				SWIFT_VERSION = 5.0;
				TARGETED_DEVICE_FAMILY = "1,2";
				TEST_HOST = "$(BUILT_PRODUCTS_DIR)/theofficialefficioapp.app/$(BUNDLE_EXECUTABLE_FOLDER_PATH)/theofficialefficioapp";
			};
			name = Debug;
		};
		BABED6492C67A2F300482C6F /* Release */ = {
			isa = XCBuildConfiguration;
			buildSettings = {
				ALWAYS_EMBED_SWIFT_STANDARD_LIBRARIES = YES;
				BUNDLE_LOADER = "$(TEST_HOST)";
				CODE_SIGN_STYLE = Automatic;
				CURRENT_PROJECT_VERSION = 1;
				GENERATE_INFOPLIST_FILE = YES;
				IPHONEOS_DEPLOYMENT_TARGET = 17.5;
				MARKETING_VERSION = 1.0;
				PRODUCT_BUNDLE_IDENTIFIER = "KJ-Studios.theofficialefficioappTests";
				PRODUCT_NAME = "$(TARGET_NAME)";
				SWIFT_EMIT_LOC_STRINGS = NO;
				SWIFT_VERSION = 5.0;
				TARGETED_DEVICE_FAMILY = "1,2";
				TEST_HOST = "$(BUILT_PRODUCTS_DIR)/theofficialefficioapp.app/$(BUNDLE_EXECUTABLE_FOLDER_PATH)/theofficialefficioapp";
			};
			name = Release;
		};
		BABED64B2C67A2F300482C6F /* Debug */ = {
			isa = XCBuildConfiguration;
			buildSettings = {
				ALWAYS_EMBED_SWIFT_STANDARD_LIBRARIES = YES;
				CODE_SIGN_STYLE = Automatic;
				CURRENT_PROJECT_VERSION = 1;
				GENERATE_INFOPLIST_FILE = YES;
				MARKETING_VERSION = 1.0;
				PRODUCT_BUNDLE_IDENTIFIER = "KJ-Studios.theofficialefficioappUITests";
				PRODUCT_NAME = "$(TARGET_NAME)";
				SWIFT_EMIT_LOC_STRINGS = NO;
				SWIFT_VERSION = 5.0;
				TARGETED_DEVICE_FAMILY = "1,2";
				TEST_TARGET_NAME = theofficialefficioapp;
			};
			name = Debug;
		};
		BABED64C2C67A2F300482C6F /* Release */ = {
			isa = XCBuildConfiguration;
			buildSettings = {
				ALWAYS_EMBED_SWIFT_STANDARD_LIBRARIES = YES;
				CODE_SIGN_STYLE = Automatic;
				CURRENT_PROJECT_VERSION = 1;
				GENERATE_INFOPLIST_FILE = YES;
				MARKETING_VERSION = 1.0;
				PRODUCT_BUNDLE_IDENTIFIER = "KJ-Studios.theofficialefficioappUITests";
				PRODUCT_NAME = "$(TARGET_NAME)";
				SWIFT_EMIT_LOC_STRINGS = NO;
				SWIFT_VERSION = 5.0;
				TARGETED_DEVICE_FAMILY = "1,2";
				TEST_TARGET_NAME = theofficialefficioapp;
			};
			name = Release;
		};
/* End XCBuildConfiguration section */

/* Begin XCConfigurationList section */
		BABED61B2C67A2F000482C6F /* Build configuration list for PBXProject "theofficialefficioapp" */ = {
			isa = XCConfigurationList;
			buildConfigurations = (
				BABED6422C67A2F300482C6F /* Debug */,
				BABED6432C67A2F300482C6F /* Release */,
			);
			defaultConfigurationIsVisible = 0;
			defaultConfigurationName = Release;
		};
		BABED6442C67A2F300482C6F /* Build configuration list for PBXNativeTarget "theofficialefficioapp" */ = {
			isa = XCConfigurationList;
			buildConfigurations = (
				BABED6452C67A2F300482C6F /* Debug */,
				BABED6462C67A2F300482C6F /* Release */,
			);
			defaultConfigurationIsVisible = 0;
			defaultConfigurationName = Release;
		};
		BABED6472C67A2F300482C6F /* Build configuration list for PBXNativeTarget "theofficialefficioappTests" */ = {
			isa = XCConfigurationList;
			buildConfigurations = (
				BABED6482C67A2F300482C6F /* Debug */,
				BABED6492C67A2F300482C6F /* Release */,
			);
			defaultConfigurationIsVisible = 0;
			defaultConfigurationName = Release;
		};
		BABED64A2C67A2F300482C6F /* Build configuration list for PBXNativeTarget "theofficialefficioappUITests" */ = {
			isa = XCConfigurationList;
			buildConfigurations = (
				BABED64B2C67A2F300482C6F /* Debug */,
				BABED64C2C67A2F300482C6F /* Release */,
			);
			defaultConfigurationIsVisible = 0;
			defaultConfigurationName = Release;
		};
/* End XCConfigurationList section */

/* Begin XCRemoteSwiftPackageReference section */
		BABED6692C68F79E00482C6F /* XCRemoteSwiftPackageReference "firebase-ios-sdk" */ = {
			isa = XCRemoteSwiftPackageReference;
			repositoryURL = "https://github.com/firebase/firebase-ios-sdk";
			requirement = {
				kind = upToNextMajorVersion;
				minimumVersion = 11.0.0;
			};
		};
/* End XCRemoteSwiftPackageReference section */

/* Begin XCSwiftPackageProductDependency section */
		BABED66A2C68F79E00482C6F /* FirebaseAuth */ = {
			isa = XCSwiftPackageProductDependency;
			package = BABED6692C68F79E00482C6F /* XCRemoteSwiftPackageReference "firebase-ios-sdk" */;
			productName = FirebaseAuth;
		};
		BABED66C2C68F79E00482C6F /* FirebaseFirestore */ = {
			isa = XCSwiftPackageProductDependency;
			package = BABED6692C68F79E00482C6F /* XCRemoteSwiftPackageReference "firebase-ios-sdk" */;
			productName = FirebaseFirestore;
		};
		BABED66E2C68F79E00482C6F /* FirebaseFirestoreCombine-Community */ = {
			isa = XCSwiftPackageProductDependency;
			package = BABED6692C68F79E00482C6F /* XCRemoteSwiftPackageReference "firebase-ios-sdk" */;
			productName = "FirebaseFirestoreCombine-Community";
		};
/* End XCSwiftPackageProductDependency section */
	};
	rootObject = BABED6182C67A2F000482C6F /* Project object */;
}
